// !$*UTF8*$!
{
	archiveVersion = 1;
	classes = {
	};
	objectVersion = 46;
	objects = {

/* Begin PBXBuildFile section */
		6A1AE72C167DB5C8005DE0E5 /* FLHTTPClient.m in Sources */ = {isa = PBXBuildFile; fileRef = 6A1AE72B167DB5C8005DE0E5 /* FLHTTPClient.m */; };
		6A1AE737167DCB6A005DE0E5 /* FLTask.m in Sources */ = {isa = PBXBuildFile; fileRef = 6A1AE736167DCB6A005DE0E5 /* FLTask.m */; };
		6A1AE744167DD022005DE0E5 /* FLHTMLParser.m in Sources */ = {isa = PBXBuildFile; fileRef = 6A1AE743167DD022005DE0E5 /* FLHTMLParser.m */; };
		6A1AE747167E11FF005DE0E5 /* FLDefines.m in Sources */ = {isa = PBXBuildFile; fileRef = 6A1AE746167E11FF005DE0E5 /* FLDefines.m */; };
		6A1AE74C167E12B6005DE0E5 /* FLBaseController.m in Sources */ = {isa = PBXBuildFile; fileRef = 6A1AE74B167E12B6005DE0E5 /* FLBaseController.m */; };
		6A1AE74F167E12D1005DE0E5 /* FLTasksController.m in Sources */ = {isa = PBXBuildFile; fileRef = 6A1AE74E167E12D1005DE0E5 /* FLTasksController.m */; };
		6A1AE752167E1335005DE0E5 /* FLTaskCell.xib in Resources */ = {isa = PBXBuildFile; fileRef = 6A1AE751167E1335005DE0E5 /* FLTaskCell.xib */; };
		6A1AE75B167E18CD005DE0E5 /* LoadingCell.xib in Resources */ = {isa = PBXBuildFile; fileRef = 6A1AE75A167E18CD005DE0E5 /* LoadingCell.xib */; };
		6A1AE75D167E1908005DE0E5 /* FLEmptyCell.xib in Resources */ = {isa = PBXBuildFile; fileRef = 6A1AE75C167E1908005DE0E5 /* FLEmptyCell.xib */; };
		6A529AE3167A47AF009A1CCB /* UIKit.framework in Frameworks */ = {isa = PBXBuildFile; fileRef = 6A529AE2167A47AF009A1CCB /* UIKit.framework */; };
		6A529AE5167A47AF009A1CCB /* Foundation.framework in Frameworks */ = {isa = PBXBuildFile; fileRef = 6A529AE4167A47AF009A1CCB /* Foundation.framework */; };
		6A529AE7167A47AF009A1CCB /* CoreGraphics.framework in Frameworks */ = {isa = PBXBuildFile; fileRef = 6A529AE6167A47AF009A1CCB /* CoreGraphics.framework */; };
		6A529AED167A47AF009A1CCB /* InfoPlist.strings in Resources */ = {isa = PBXBuildFile; fileRef = 6A529AEB167A47AF009A1CCB /* InfoPlist.strings */; };
		6A529AEF167A47AF009A1CCB /* main.m in Sources */ = {isa = PBXBuildFile; fileRef = 6A529AEE167A47AF009A1CCB /* main.m */; };
		6A529AF3167A47AF009A1CCB /* KKAppDelegate.m in Sources */ = {isa = PBXBuildFile; fileRef = 6A529AF2167A47AF009A1CCB /* KKAppDelegate.m */; };
		6A529AF5167A47AF009A1CCB /* Default.png in Resources */ = {isa = PBXBuildFile; fileRef = 6A529AF4167A47AF009A1CCB /* Default.png */; };
		6A529AF7167A47AF009A1CCB /* Default@2x.png in Resources */ = {isa = PBXBuildFile; fileRef = 6A529AF6167A47AF009A1CCB /* Default@2x.png */; };
		6A529AF9167A47AF009A1CCB /* Default-568h@2x.png in Resources */ = {isa = PBXBuildFile; fileRef = 6A529AF8167A47AF009A1CCB /* Default-568h@2x.png */; };
		6A529AFC167A47AF009A1CCB /* MainStoryboard.storyboard in Resources */ = {isa = PBXBuildFile; fileRef = 6A529AFA167A47AF009A1CCB /* MainStoryboard.storyboard */; };
		6A529B12167A47AF009A1CCB /* SenTestingKit.framework in Frameworks */ = {isa = PBXBuildFile; fileRef = 6A529B11167A47AF009A1CCB /* SenTestingKit.framework */; };
		6A529B13167A47AF009A1CCB /* UIKit.framework in Frameworks */ = {isa = PBXBuildFile; fileRef = 6A529AE2167A47AF009A1CCB /* UIKit.framework */; };
		6A529B14167A47AF009A1CCB /* Foundation.framework in Frameworks */ = {isa = PBXBuildFile; fileRef = 6A529AE4167A47AF009A1CCB /* Foundation.framework */; };
		6A529B1C167A47AF009A1CCB /* InfoPlist.strings in Resources */ = {isa = PBXBuildFile; fileRef = 6A529B1A167A47AF009A1CCB /* InfoPlist.strings */; };
		6A529B1F167A47AF009A1CCB /* freelansim_clientTests.m in Sources */ = {isa = PBXBuildFile; fileRef = 6A529B1E167A47AF009A1CCB /* freelansim_clientTests.m */; };
		6A529B73167A47FC009A1CCB /* NUIAppearance.m in Sources */ = {isa = PBXBuildFile; fileRef = 6A529B2D167A47FC009A1CCB /* NUIAppearance.m */; };
		6A529B74167A47FC009A1CCB /* NUIConverter.m in Sources */ = {isa = PBXBuildFile; fileRef = 6A529B2F167A47FC009A1CCB /* NUIConverter.m */; };
		6A529B75167A47FC009A1CCB /* NUIGraphics.m in Sources */ = {isa = PBXBuildFile; fileRef = 6A529B31167A47FC009A1CCB /* NUIGraphics.m */; };
		6A529B76167A47FC009A1CCB /* NUIRenderer.m in Sources */ = {isa = PBXBuildFile; fileRef = 6A529B33167A47FC009A1CCB /* NUIRenderer.m */; };
		6A529B77167A47FC009A1CCB /* NUISettings.m in Sources */ = {isa = PBXBuildFile; fileRef = 6A529B35167A47FC009A1CCB /* NUISettings.m */; };
		6A529B78167A47FC009A1CCB /* NUIStyleParser.m in Sources */ = {isa = PBXBuildFile; fileRef = 6A529B37167A47FC009A1CCB /* NUIStyleParser.m */; };
		6A529B79167A47FC009A1CCB /* NUISwizzler.m in Sources */ = {isa = PBXBuildFile; fileRef = 6A529B39167A47FC009A1CCB /* NUISwizzler.m */; };
		6A529B7A167A47FC009A1CCB /* NUIUtilities.m in Sources */ = {isa = PBXBuildFile; fileRef = 6A529B3B167A47FC009A1CCB /* NUIUtilities.m */; };
		6A529B7B167A47FC009A1CCB /* NUIBarButtonItemRenderer.m in Sources */ = {isa = PBXBuildFile; fileRef = 6A529B3E167A47FC009A1CCB /* NUIBarButtonItemRenderer.m */; };
		6A529B7C167A47FC009A1CCB /* NUIButtonRenderer.m in Sources */ = {isa = PBXBuildFile; fileRef = 6A529B40167A47FC009A1CCB /* NUIButtonRenderer.m */; };
		6A529B7D167A47FC009A1CCB /* NUILabelRenderer.m in Sources */ = {isa = PBXBuildFile; fileRef = 6A529B42167A47FC009A1CCB /* NUILabelRenderer.m */; };
		6A529B7E167A47FC009A1CCB /* NUINavigationBarRenderer.m in Sources */ = {isa = PBXBuildFile; fileRef = 6A529B44167A47FC009A1CCB /* NUINavigationBarRenderer.m */; };
		6A529B7F167A47FC009A1CCB /* NUINavigationItemRenderer.m in Sources */ = {isa = PBXBuildFile; fileRef = 6A529B46167A47FC009A1CCB /* NUINavigationItemRenderer.m */; };
		6A529B80167A47FC009A1CCB /* NUISegmentedControlRenderer.m in Sources */ = {isa = PBXBuildFile; fileRef = 6A529B48167A47FC009A1CCB /* NUISegmentedControlRenderer.m */; };
		6A529B81167A47FC009A1CCB /* NUITabBarItemRenderer.m in Sources */ = {isa = PBXBuildFile; fileRef = 6A529B4A167A47FC009A1CCB /* NUITabBarItemRenderer.m */; };
		6A529B82167A47FC009A1CCB /* NUITabBarRenderer.m in Sources */ = {isa = PBXBuildFile; fileRef = 6A529B4C167A47FC009A1CCB /* NUITabBarRenderer.m */; };
		6A529B83167A47FC009A1CCB /* NUITableViewCellRenderer.m in Sources */ = {isa = PBXBuildFile; fileRef = 6A529B4E167A47FC009A1CCB /* NUITableViewCellRenderer.m */; };
		6A529B84167A47FC009A1CCB /* NUITextFieldRenderer.m in Sources */ = {isa = PBXBuildFile; fileRef = 6A529B50167A47FC009A1CCB /* NUITextFieldRenderer.m */; };
		6A529B85167A47FC009A1CCB /* NUIViewRenderer.m in Sources */ = {isa = PBXBuildFile; fileRef = 6A529B52167A47FC009A1CCB /* NUIViewRenderer.m */; };
		6A529B86167A47FC009A1CCB /* NUIStyle.nss in Resources */ = {isa = PBXBuildFile; fileRef = 6A529B53167A47FC009A1CCB /* NUIStyle.nss */; };
		6A529B87167A47FC009A1CCB /* NUIBackButtonTemplate.png in Resources */ = {isa = PBXBuildFile; fileRef = 6A529B55167A47FC009A1CCB /* NUIBackButtonTemplate.png */; };
		6A529B88167A47FC009A1CCB /* NUIBarButtonTemplate.png in Resources */ = {isa = PBXBuildFile; fileRef = 6A529B56167A47FC009A1CCB /* NUIBarButtonTemplate.png */; };
		6A529B89167A47FC009A1CCB /* NUIViewBackground.png in Resources */ = {isa = PBXBuildFile; fileRef = 6A529B57167A47FC009A1CCB /* NUIViewBackground.png */; };
		6A529B8A167A47FC009A1CCB /* Blue.NUIStyle.nss in Resources */ = {isa = PBXBuildFile; fileRef = 6A529B59167A47FC009A1CCB /* Blue.NUIStyle.nss */; };
		6A529B8B167A47FC009A1CCB /* Default.NUIStyle.nss in Resources */ = {isa = PBXBuildFile; fileRef = 6A529B5A167A47FC009A1CCB /* Default.NUIStyle.nss */; };
		6A529B8C167A47FC009A1CCB /* Round.NUIStyle.nss in Resources */ = {isa = PBXBuildFile; fileRef = 6A529B5B167A47FC009A1CCB /* Round.NUIStyle.nss */; };
		6A529B8D167A47FC009A1CCB /* UIBarButtonItem+NUI.m in Sources */ = {isa = PBXBuildFile; fileRef = 6A529B5E167A47FC009A1CCB /* UIBarButtonItem+NUI.m */; };
		6A529B8E167A47FC009A1CCB /* UIButton+NUI.m in Sources */ = {isa = PBXBuildFile; fileRef = 6A529B60167A47FC009A1CCB /* UIButton+NUI.m */; };
		6A529B8F167A47FC009A1CCB /* UILabel+NUI.m in Sources */ = {isa = PBXBuildFile; fileRef = 6A529B62167A47FC009A1CCB /* UILabel+NUI.m */; };
		6A529B90167A47FC009A1CCB /* UINavigationBar+NUI.m in Sources */ = {isa = PBXBuildFile; fileRef = 6A529B64167A47FC009A1CCB /* UINavigationBar+NUI.m */; };
		6A529B91167A47FC009A1CCB /* UINavigationItem+NUI.m in Sources */ = {isa = PBXBuildFile; fileRef = 6A529B66167A47FC009A1CCB /* UINavigationItem+NUI.m */; };
		6A529B92167A47FC009A1CCB /* UISegmentedControl+NUI.m in Sources */ = {isa = PBXBuildFile; fileRef = 6A529B68167A47FC009A1CCB /* UISegmentedControl+NUI.m */; };
		6A529B93167A47FC009A1CCB /* UITabBar+NUI.m in Sources */ = {isa = PBXBuildFile; fileRef = 6A529B6A167A47FC009A1CCB /* UITabBar+NUI.m */; };
		6A529B94167A47FC009A1CCB /* UITabBarItem+NUI.m in Sources */ = {isa = PBXBuildFile; fileRef = 6A529B6C167A47FC009A1CCB /* UITabBarItem+NUI.m */; };
		6A529B95167A47FC009A1CCB /* UITableViewCell+NUI.m in Sources */ = {isa = PBXBuildFile; fileRef = 6A529B6E167A47FC009A1CCB /* UITableViewCell+NUI.m */; };
		6A529B96167A47FC009A1CCB /* UITextField+NUI.m in Sources */ = {isa = PBXBuildFile; fileRef = 6A529B70167A47FC009A1CCB /* UITextField+NUI.m */; };
		6A529B97167A47FC009A1CCB /* UIView+NUI.m in Sources */ = {isa = PBXBuildFile; fileRef = 6A529B72167A47FC009A1CCB /* UIView+NUI.m */; };
		6AED8737167D9B3500EBC6CD /* CoreImage.framework in Frameworks */ = {isa = PBXBuildFile; fileRef = 6AED8736167D9B3500EBC6CD /* CoreImage.framework */; };
		6AED873A167D9B3B00EBC6CD /* QuartzCore.framework in Frameworks */ = {isa = PBXBuildFile; fileRef = 6AED8739167D9B3B00EBC6CD /* QuartzCore.framework */; };
		6D1A659EDAF44F38BE9E013F /* libPods.a in Frameworks */ = {isa = PBXBuildFile; fileRef = 41AF178834E54C6E9830FDCB /* libPods.a */; };
		A415B449167EE914002FFC83 /* FLTaskController.m in Sources */ = {isa = PBXBuildFile; fileRef = A415B448167EE914002FFC83 /* FLTaskController.m */; };
		A429B363167F3B0C00078D1E /* 0012.png in Resources */ = {isa = PBXBuildFile; fileRef = A429B35D167F3B0C00078D1E /* 0012.png */; };
		A429B364167F3B0C00078D1E /* 0012@2x.png in Resources */ = {isa = PBXBuildFile; fileRef = A429B35E167F3B0C00078D1E /* 0012@2x.png */; };
		A429B365167F3B0C00078D1E /* 0053.png in Resources */ = {isa = PBXBuildFile; fileRef = A429B35F167F3B0C00078D1E /* 0053.png */; };
		A429B366167F3B0C00078D1E /* 0053@2x.png in Resources */ = {isa = PBXBuildFile; fileRef = A429B360167F3B0C00078D1E /* 0053@2x.png */; };
		A429B367167F3B0C00078D1E /* 0220.png in Resources */ = {isa = PBXBuildFile; fileRef = A429B361167F3B0C00078D1E /* 0220.png */; };
		A429B368167F3B0C00078D1E /* 0220@2x.png in Resources */ = {isa = PBXBuildFile; fileRef = A429B362167F3B0C00078D1E /* 0220@2x.png */; };
/* End PBXBuildFile section */

/* Begin PBXContainerItemProxy section */
		6A529B15167A47AF009A1CCB /* PBXContainerItemProxy */ = {
			isa = PBXContainerItemProxy;
			containerPortal = 6A529AD5167A47AF009A1CCB /* Project object */;
			proxyType = 1;
			remoteGlobalIDString = 6A529ADD167A47AF009A1CCB;
			remoteInfo = "freelansim-client";
		};
/* End PBXContainerItemProxy section */

/* Begin PBXFileReference section */
		41AF178834E54C6E9830FDCB /* libPods.a */ = {isa = PBXFileReference; explicitFileType = archive.ar; includeInIndex = 0; path = libPods.a; sourceTree = BUILT_PRODUCTS_DIR; };
		6A1AE72A167DB5C8005DE0E5 /* FLHTTPClient.h */ = {isa = PBXFileReference; fileEncoding = 4; lastKnownFileType = sourcecode.c.h; name = FLHTTPClient.h; path = Classes/FLHTTPClient.h; sourceTree = "<group>"; };
		6A1AE72B167DB5C8005DE0E5 /* FLHTTPClient.m */ = {isa = PBXFileReference; fileEncoding = 4; lastKnownFileType = sourcecode.c.objc; name = FLHTTPClient.m; path = Classes/FLHTTPClient.m; sourceTree = "<group>"; };
		6A1AE735167DCB6A005DE0E5 /* FLTask.h */ = {isa = PBXFileReference; fileEncoding = 4; lastKnownFileType = sourcecode.c.h; name = FLTask.h; path = Classes/Models/FLTask.h; sourceTree = "<group>"; };
		6A1AE736167DCB6A005DE0E5 /* FLTask.m */ = {isa = PBXFileReference; fileEncoding = 4; lastKnownFileType = sourcecode.c.objc; name = FLTask.m; path = Classes/Models/FLTask.m; sourceTree = "<group>"; };
		6A1AE742167DD022005DE0E5 /* FLHTMLParser.h */ = {isa = PBXFileReference; fileEncoding = 4; lastKnownFileType = sourcecode.c.h; name = FLHTMLParser.h; path = Classes/FLHTMLParser.h; sourceTree = "<group>"; };
		6A1AE743167DD022005DE0E5 /* FLHTMLParser.m */ = {isa = PBXFileReference; fileEncoding = 4; lastKnownFileType = sourcecode.c.objc; name = FLHTMLParser.m; path = Classes/FLHTMLParser.m; sourceTree = "<group>"; };
		6A1AE745167E11FE005DE0E5 /* FLDefines.h */ = {isa = PBXFileReference; fileEncoding = 4; lastKnownFileType = sourcecode.c.h; name = FLDefines.h; path = Classes/FLDefines.h; sourceTree = "<group>"; };
		6A1AE746167E11FF005DE0E5 /* FLDefines.m */ = {isa = PBXFileReference; fileEncoding = 4; lastKnownFileType = sourcecode.c.objc; name = FLDefines.m; path = Classes/FLDefines.m; sourceTree = "<group>"; };
		6A1AE74A167E12B6005DE0E5 /* FLBaseController.h */ = {isa = PBXFileReference; fileEncoding = 4; lastKnownFileType = sourcecode.c.h; name = FLBaseController.h; path = Classes/Controllers/FLBaseController.h; sourceTree = "<group>"; };
		6A1AE74B167E12B6005DE0E5 /* FLBaseController.m */ = {isa = PBXFileReference; fileEncoding = 4; lastKnownFileType = sourcecode.c.objc; name = FLBaseController.m; path = Classes/Controllers/FLBaseController.m; sourceTree = "<group>"; };
		6A1AE74D167E12D1005DE0E5 /* FLTasksController.h */ = {isa = PBXFileReference; fileEncoding = 4; lastKnownFileType = sourcecode.c.h; name = FLTasksController.h; path = Classes/Controllers/FLTasksController.h; sourceTree = "<group>"; };
		6A1AE74E167E12D1005DE0E5 /* FLTasksController.m */ = {isa = PBXFileReference; fileEncoding = 4; lastKnownFileType = sourcecode.c.objc; name = FLTasksController.m; path = Classes/Controllers/FLTasksController.m; sourceTree = "<group>"; };
		6A1AE751167E1335005DE0E5 /* FLTaskCell.xib */ = {isa = PBXFileReference; fileEncoding = 4; lastKnownFileType = file.xib; path = FLTaskCell.xib; sourceTree = "<group>"; };
		6A1AE75A167E18CD005DE0E5 /* LoadingCell.xib */ = {isa = PBXFileReference; fileEncoding = 4; lastKnownFileType = file.xib; path = LoadingCell.xib; sourceTree = "<group>"; };
		6A1AE75C167E1908005DE0E5 /* FLEmptyCell.xib */ = {isa = PBXFileReference; fileEncoding = 4; lastKnownFileType = file.xib; path = FLEmptyCell.xib; sourceTree = "<group>"; };
		6A529ADE167A47AF009A1CCB /* freelansim-client.app */ = {isa = PBXFileReference; explicitFileType = wrapper.application; includeInIndex = 0; path = "freelansim-client.app"; sourceTree = BUILT_PRODUCTS_DIR; };
		6A529AE2167A47AF009A1CCB /* UIKit.framework */ = {isa = PBXFileReference; includeInIndex = 1; lastKnownFileType = wrapper.framework; name = UIKit.framework; path = System/Library/Frameworks/UIKit.framework; sourceTree = SDKROOT; };
		6A529AE4167A47AF009A1CCB /* Foundation.framework */ = {isa = PBXFileReference; includeInIndex = 1; lastKnownFileType = wrapper.framework; name = Foundation.framework; path = System/Library/Frameworks/Foundation.framework; sourceTree = SDKROOT; };
		6A529AE6167A47AF009A1CCB /* CoreGraphics.framework */ = {isa = PBXFileReference; includeInIndex = 1; lastKnownFileType = wrapper.framework; name = CoreGraphics.framework; path = System/Library/Frameworks/CoreGraphics.framework; sourceTree = SDKROOT; };
		6A529AEA167A47AF009A1CCB /* freelansim-client-Info.plist */ = {isa = PBXFileReference; lastKnownFileType = text.plist.xml; path = "freelansim-client-Info.plist"; sourceTree = "<group>"; };
		6A529AEC167A47AF009A1CCB /* en */ = {isa = PBXFileReference; lastKnownFileType = text.plist.strings; name = en; path = en.lproj/InfoPlist.strings; sourceTree = "<group>"; };
		6A529AEE167A47AF009A1CCB /* main.m */ = {isa = PBXFileReference; lastKnownFileType = sourcecode.c.objc; path = main.m; sourceTree = "<group>"; };
		6A529AF0167A47AF009A1CCB /* freelansim-client-Prefix.pch */ = {isa = PBXFileReference; lastKnownFileType = sourcecode.c.h; path = "freelansim-client-Prefix.pch"; sourceTree = "<group>"; };
		6A529AF1167A47AF009A1CCB /* KKAppDelegate.h */ = {isa = PBXFileReference; lastKnownFileType = sourcecode.c.h; path = KKAppDelegate.h; sourceTree = "<group>"; };
		6A529AF2167A47AF009A1CCB /* KKAppDelegate.m */ = {isa = PBXFileReference; lastKnownFileType = sourcecode.c.objc; path = KKAppDelegate.m; sourceTree = "<group>"; };
		6A529AF4167A47AF009A1CCB /* Default.png */ = {isa = PBXFileReference; lastKnownFileType = image.png; path = Default.png; sourceTree = "<group>"; };
		6A529AF6167A47AF009A1CCB /* Default@2x.png */ = {isa = PBXFileReference; lastKnownFileType = image.png; path = "Default@2x.png"; sourceTree = "<group>"; };
		6A529AF8167A47AF009A1CCB /* Default-568h@2x.png */ = {isa = PBXFileReference; lastKnownFileType = image.png; path = "Default-568h@2x.png"; sourceTree = "<group>"; };
		6A529AFB167A47AF009A1CCB /* en */ = {isa = PBXFileReference; lastKnownFileType = file.storyboard; name = en; path = en.lproj/MainStoryboard.storyboard; sourceTree = "<group>"; };
		6A529B10167A47AF009A1CCB /* freelansim-clientTests.octest */ = {isa = PBXFileReference; explicitFileType = wrapper.cfbundle; includeInIndex = 0; path = "freelansim-clientTests.octest"; sourceTree = BUILT_PRODUCTS_DIR; };
		6A529B11167A47AF009A1CCB /* SenTestingKit.framework */ = {isa = PBXFileReference; lastKnownFileType = wrapper.framework; name = SenTestingKit.framework; path = Library/Frameworks/SenTestingKit.framework; sourceTree = DEVELOPER_DIR; };
		6A529B19167A47AF009A1CCB /* freelansim-clientTests-Info.plist */ = {isa = PBXFileReference; lastKnownFileType = text.plist.xml; path = "freelansim-clientTests-Info.plist"; sourceTree = "<group>"; };
		6A529B1B167A47AF009A1CCB /* en */ = {isa = PBXFileReference; lastKnownFileType = text.plist.strings; name = en; path = en.lproj/InfoPlist.strings; sourceTree = "<group>"; };
		6A529B1D167A47AF009A1CCB /* freelansim_clientTests.h */ = {isa = PBXFileReference; lastKnownFileType = sourcecode.c.h; path = freelansim_clientTests.h; sourceTree = "<group>"; };
		6A529B1E167A47AF009A1CCB /* freelansim_clientTests.m */ = {isa = PBXFileReference; lastKnownFileType = sourcecode.c.objc; path = freelansim_clientTests.m; sourceTree = "<group>"; };
		6A529B2C167A47FC009A1CCB /* NUIAppearance.h */ = {isa = PBXFileReference; fileEncoding = 4; lastKnownFileType = sourcecode.c.h; path = NUIAppearance.h; sourceTree = "<group>"; };
		6A529B2D167A47FC009A1CCB /* NUIAppearance.m */ = {isa = PBXFileReference; fileEncoding = 4; lastKnownFileType = sourcecode.c.objc; path = NUIAppearance.m; sourceTree = "<group>"; };
		6A529B2E167A47FC009A1CCB /* NUIConverter.h */ = {isa = PBXFileReference; fileEncoding = 4; lastKnownFileType = sourcecode.c.h; path = NUIConverter.h; sourceTree = "<group>"; };
		6A529B2F167A47FC009A1CCB /* NUIConverter.m */ = {isa = PBXFileReference; fileEncoding = 4; lastKnownFileType = sourcecode.c.objc; path = NUIConverter.m; sourceTree = "<group>"; };
		6A529B30167A47FC009A1CCB /* NUIGraphics.h */ = {isa = PBXFileReference; fileEncoding = 4; lastKnownFileType = sourcecode.c.h; path = NUIGraphics.h; sourceTree = "<group>"; };
		6A529B31167A47FC009A1CCB /* NUIGraphics.m */ = {isa = PBXFileReference; fileEncoding = 4; lastKnownFileType = sourcecode.c.objc; path = NUIGraphics.m; sourceTree = "<group>"; };
		6A529B32167A47FC009A1CCB /* NUIRenderer.h */ = {isa = PBXFileReference; fileEncoding = 4; lastKnownFileType = sourcecode.c.h; path = NUIRenderer.h; sourceTree = "<group>"; };
		6A529B33167A47FC009A1CCB /* NUIRenderer.m */ = {isa = PBXFileReference; fileEncoding = 4; lastKnownFileType = sourcecode.c.objc; path = NUIRenderer.m; sourceTree = "<group>"; };
		6A529B34167A47FC009A1CCB /* NUISettings.h */ = {isa = PBXFileReference; fileEncoding = 4; lastKnownFileType = sourcecode.c.h; path = NUISettings.h; sourceTree = "<group>"; };
		6A529B35167A47FC009A1CCB /* NUISettings.m */ = {isa = PBXFileReference; fileEncoding = 4; lastKnownFileType = sourcecode.c.objc; path = NUISettings.m; sourceTree = "<group>"; };
		6A529B36167A47FC009A1CCB /* NUIStyleParser.h */ = {isa = PBXFileReference; fileEncoding = 4; lastKnownFileType = sourcecode.c.h; path = NUIStyleParser.h; sourceTree = "<group>"; };
		6A529B37167A47FC009A1CCB /* NUIStyleParser.m */ = {isa = PBXFileReference; fileEncoding = 4; lastKnownFileType = sourcecode.c.objc; path = NUIStyleParser.m; sourceTree = "<group>"; };
		6A529B38167A47FC009A1CCB /* NUISwizzler.h */ = {isa = PBXFileReference; fileEncoding = 4; lastKnownFileType = sourcecode.c.h; path = NUISwizzler.h; sourceTree = "<group>"; };
		6A529B39167A47FC009A1CCB /* NUISwizzler.m */ = {isa = PBXFileReference; fileEncoding = 4; lastKnownFileType = sourcecode.c.objc; path = NUISwizzler.m; sourceTree = "<group>"; };
		6A529B3A167A47FC009A1CCB /* NUIUtilities.h */ = {isa = PBXFileReference; fileEncoding = 4; lastKnownFileType = sourcecode.c.h; path = NUIUtilities.h; sourceTree = "<group>"; };
		6A529B3B167A47FC009A1CCB /* NUIUtilities.m */ = {isa = PBXFileReference; fileEncoding = 4; lastKnownFileType = sourcecode.c.objc; path = NUIUtilities.m; sourceTree = "<group>"; };
		6A529B3D167A47FC009A1CCB /* NUIBarButtonItemRenderer.h */ = {isa = PBXFileReference; fileEncoding = 4; lastKnownFileType = sourcecode.c.h; path = NUIBarButtonItemRenderer.h; sourceTree = "<group>"; };
		6A529B3E167A47FC009A1CCB /* NUIBarButtonItemRenderer.m */ = {isa = PBXFileReference; fileEncoding = 4; lastKnownFileType = sourcecode.c.objc; path = NUIBarButtonItemRenderer.m; sourceTree = "<group>"; };
		6A529B3F167A47FC009A1CCB /* NUIButtonRenderer.h */ = {isa = PBXFileReference; fileEncoding = 4; lastKnownFileType = sourcecode.c.h; path = NUIButtonRenderer.h; sourceTree = "<group>"; };
		6A529B40167A47FC009A1CCB /* NUIButtonRenderer.m */ = {isa = PBXFileReference; fileEncoding = 4; lastKnownFileType = sourcecode.c.objc; path = NUIButtonRenderer.m; sourceTree = "<group>"; };
		6A529B41167A47FC009A1CCB /* NUILabelRenderer.h */ = {isa = PBXFileReference; fileEncoding = 4; lastKnownFileType = sourcecode.c.h; path = NUILabelRenderer.h; sourceTree = "<group>"; };
		6A529B42167A47FC009A1CCB /* NUILabelRenderer.m */ = {isa = PBXFileReference; fileEncoding = 4; lastKnownFileType = sourcecode.c.objc; path = NUILabelRenderer.m; sourceTree = "<group>"; };
		6A529B43167A47FC009A1CCB /* NUINavigationBarRenderer.h */ = {isa = PBXFileReference; fileEncoding = 4; lastKnownFileType = sourcecode.c.h; path = NUINavigationBarRenderer.h; sourceTree = "<group>"; };
		6A529B44167A47FC009A1CCB /* NUINavigationBarRenderer.m */ = {isa = PBXFileReference; fileEncoding = 4; lastKnownFileType = sourcecode.c.objc; path = NUINavigationBarRenderer.m; sourceTree = "<group>"; };
		6A529B45167A47FC009A1CCB /* NUINavigationItemRenderer.h */ = {isa = PBXFileReference; fileEncoding = 4; lastKnownFileType = sourcecode.c.h; path = NUINavigationItemRenderer.h; sourceTree = "<group>"; };
		6A529B46167A47FC009A1CCB /* NUINavigationItemRenderer.m */ = {isa = PBXFileReference; fileEncoding = 4; lastKnownFileType = sourcecode.c.objc; path = NUINavigationItemRenderer.m; sourceTree = "<group>"; };
		6A529B47167A47FC009A1CCB /* NUISegmentedControlRenderer.h */ = {isa = PBXFileReference; fileEncoding = 4; lastKnownFileType = sourcecode.c.h; path = NUISegmentedControlRenderer.h; sourceTree = "<group>"; };
		6A529B48167A47FC009A1CCB /* NUISegmentedControlRenderer.m */ = {isa = PBXFileReference; fileEncoding = 4; lastKnownFileType = sourcecode.c.objc; path = NUISegmentedControlRenderer.m; sourceTree = "<group>"; };
		6A529B49167A47FC009A1CCB /* NUITabBarItemRenderer.h */ = {isa = PBXFileReference; fileEncoding = 4; lastKnownFileType = sourcecode.c.h; path = NUITabBarItemRenderer.h; sourceTree = "<group>"; };
		6A529B4A167A47FC009A1CCB /* NUITabBarItemRenderer.m */ = {isa = PBXFileReference; fileEncoding = 4; lastKnownFileType = sourcecode.c.objc; path = NUITabBarItemRenderer.m; sourceTree = "<group>"; };
		6A529B4B167A47FC009A1CCB /* NUITabBarRenderer.h */ = {isa = PBXFileReference; fileEncoding = 4; lastKnownFileType = sourcecode.c.h; path = NUITabBarRenderer.h; sourceTree = "<group>"; };
		6A529B4C167A47FC009A1CCB /* NUITabBarRenderer.m */ = {isa = PBXFileReference; fileEncoding = 4; lastKnownFileType = sourcecode.c.objc; path = NUITabBarRenderer.m; sourceTree = "<group>"; };
		6A529B4D167A47FC009A1CCB /* NUITableViewCellRenderer.h */ = {isa = PBXFileReference; fileEncoding = 4; lastKnownFileType = sourcecode.c.h; path = NUITableViewCellRenderer.h; sourceTree = "<group>"; };
		6A529B4E167A47FC009A1CCB /* NUITableViewCellRenderer.m */ = {isa = PBXFileReference; fileEncoding = 4; lastKnownFileType = sourcecode.c.objc; path = NUITableViewCellRenderer.m; sourceTree = "<group>"; };
		6A529B4F167A47FC009A1CCB /* NUITextFieldRenderer.h */ = {isa = PBXFileReference; fileEncoding = 4; lastKnownFileType = sourcecode.c.h; path = NUITextFieldRenderer.h; sourceTree = "<group>"; };
		6A529B50167A47FC009A1CCB /* NUITextFieldRenderer.m */ = {isa = PBXFileReference; fileEncoding = 4; lastKnownFileType = sourcecode.c.objc; path = NUITextFieldRenderer.m; sourceTree = "<group>"; };
		6A529B51167A47FC009A1CCB /* NUIViewRenderer.h */ = {isa = PBXFileReference; fileEncoding = 4; lastKnownFileType = sourcecode.c.h; path = NUIViewRenderer.h; sourceTree = "<group>"; };
		6A529B52167A47FC009A1CCB /* NUIViewRenderer.m */ = {isa = PBXFileReference; fileEncoding = 4; lastKnownFileType = sourcecode.c.objc; path = NUIViewRenderer.m; sourceTree = "<group>"; };
		6A529B53167A47FC009A1CCB /* NUIStyle.nss */ = {isa = PBXFileReference; fileEncoding = 4; lastKnownFileType = text; path = NUIStyle.nss; sourceTree = "<group>"; };
		6A529B55167A47FC009A1CCB /* NUIBackButtonTemplate.png */ = {isa = PBXFileReference; lastKnownFileType = image.png; path = NUIBackButtonTemplate.png; sourceTree = "<group>"; };
		6A529B56167A47FC009A1CCB /* NUIBarButtonTemplate.png */ = {isa = PBXFileReference; lastKnownFileType = image.png; path = NUIBarButtonTemplate.png; sourceTree = "<group>"; };
		6A529B57167A47FC009A1CCB /* NUIViewBackground.png */ = {isa = PBXFileReference; lastKnownFileType = image.png; path = NUIViewBackground.png; sourceTree = "<group>"; };
		6A529B59167A47FC009A1CCB /* Blue.NUIStyle.nss */ = {isa = PBXFileReference; fileEncoding = 4; lastKnownFileType = text; path = Blue.NUIStyle.nss; sourceTree = "<group>"; };
		6A529B5A167A47FC009A1CCB /* Default.NUIStyle.nss */ = {isa = PBXFileReference; fileEncoding = 4; lastKnownFileType = text; path = Default.NUIStyle.nss; sourceTree = "<group>"; };
		6A529B5B167A47FC009A1CCB /* Round.NUIStyle.nss */ = {isa = PBXFileReference; fileEncoding = 4; lastKnownFileType = text; path = Round.NUIStyle.nss; sourceTree = "<group>"; };
		6A529B5D167A47FC009A1CCB /* UIBarButtonItem+NUI.h */ = {isa = PBXFileReference; fileEncoding = 4; lastKnownFileType = sourcecode.c.h; path = "UIBarButtonItem+NUI.h"; sourceTree = "<group>"; };
		6A529B5E167A47FC009A1CCB /* UIBarButtonItem+NUI.m */ = {isa = PBXFileReference; fileEncoding = 4; lastKnownFileType = sourcecode.c.objc; path = "UIBarButtonItem+NUI.m"; sourceTree = "<group>"; };
		6A529B5F167A47FC009A1CCB /* UIButton+NUI.h */ = {isa = PBXFileReference; fileEncoding = 4; lastKnownFileType = sourcecode.c.h; path = "UIButton+NUI.h"; sourceTree = "<group>"; };
		6A529B60167A47FC009A1CCB /* UIButton+NUI.m */ = {isa = PBXFileReference; fileEncoding = 4; lastKnownFileType = sourcecode.c.objc; path = "UIButton+NUI.m"; sourceTree = "<group>"; };
		6A529B61167A47FC009A1CCB /* UILabel+NUI.h */ = {isa = PBXFileReference; fileEncoding = 4; lastKnownFileType = sourcecode.c.h; path = "UILabel+NUI.h"; sourceTree = "<group>"; };
		6A529B62167A47FC009A1CCB /* UILabel+NUI.m */ = {isa = PBXFileReference; fileEncoding = 4; lastKnownFileType = sourcecode.c.objc; path = "UILabel+NUI.m"; sourceTree = "<group>"; };
		6A529B63167A47FC009A1CCB /* UINavigationBar+NUI.h */ = {isa = PBXFileReference; fileEncoding = 4; lastKnownFileType = sourcecode.c.h; path = "UINavigationBar+NUI.h"; sourceTree = "<group>"; };
		6A529B64167A47FC009A1CCB /* UINavigationBar+NUI.m */ = {isa = PBXFileReference; fileEncoding = 4; lastKnownFileType = sourcecode.c.objc; path = "UINavigationBar+NUI.m"; sourceTree = "<group>"; };
		6A529B65167A47FC009A1CCB /* UINavigationItem+NUI.h */ = {isa = PBXFileReference; fileEncoding = 4; lastKnownFileType = sourcecode.c.h; path = "UINavigationItem+NUI.h"; sourceTree = "<group>"; };
		6A529B66167A47FC009A1CCB /* UINavigationItem+NUI.m */ = {isa = PBXFileReference; fileEncoding = 4; lastKnownFileType = sourcecode.c.objc; path = "UINavigationItem+NUI.m"; sourceTree = "<group>"; };
		6A529B67167A47FC009A1CCB /* UISegmentedControl+NUI.h */ = {isa = PBXFileReference; fileEncoding = 4; lastKnownFileType = sourcecode.c.h; path = "UISegmentedControl+NUI.h"; sourceTree = "<group>"; };
		6A529B68167A47FC009A1CCB /* UISegmentedControl+NUI.m */ = {isa = PBXFileReference; fileEncoding = 4; lastKnownFileType = sourcecode.c.objc; path = "UISegmentedControl+NUI.m"; sourceTree = "<group>"; };
		6A529B69167A47FC009A1CCB /* UITabBar+NUI.h */ = {isa = PBXFileReference; fileEncoding = 4; lastKnownFileType = sourcecode.c.h; path = "UITabBar+NUI.h"; sourceTree = "<group>"; };
		6A529B6A167A47FC009A1CCB /* UITabBar+NUI.m */ = {isa = PBXFileReference; fileEncoding = 4; lastKnownFileType = sourcecode.c.objc; path = "UITabBar+NUI.m"; sourceTree = "<group>"; };
		6A529B6B167A47FC009A1CCB /* UITabBarItem+NUI.h */ = {isa = PBXFileReference; fileEncoding = 4; lastKnownFileType = sourcecode.c.h; path = "UITabBarItem+NUI.h"; sourceTree = "<group>"; };
		6A529B6C167A47FC009A1CCB /* UITabBarItem+NUI.m */ = {isa = PBXFileReference; fileEncoding = 4; lastKnownFileType = sourcecode.c.objc; path = "UITabBarItem+NUI.m"; sourceTree = "<group>"; };
		6A529B6D167A47FC009A1CCB /* UITableViewCell+NUI.h */ = {isa = PBXFileReference; fileEncoding = 4; lastKnownFileType = sourcecode.c.h; path = "UITableViewCell+NUI.h"; sourceTree = "<group>"; };
		6A529B6E167A47FC009A1CCB /* UITableViewCell+NUI.m */ = {isa = PBXFileReference; fileEncoding = 4; lastKnownFileType = sourcecode.c.objc; path = "UITableViewCell+NUI.m"; sourceTree = "<group>"; };
		6A529B6F167A47FC009A1CCB /* UITextField+NUI.h */ = {isa = PBXFileReference; fileEncoding = 4; lastKnownFileType = sourcecode.c.h; path = "UITextField+NUI.h"; sourceTree = "<group>"; };
		6A529B70167A47FC009A1CCB /* UITextField+NUI.m */ = {isa = PBXFileReference; fileEncoding = 4; lastKnownFileType = sourcecode.c.objc; path = "UITextField+NUI.m"; sourceTree = "<group>"; };
		6A529B71167A47FC009A1CCB /* UIView+NUI.h */ = {isa = PBXFileReference; fileEncoding = 4; lastKnownFileType = sourcecode.c.h; path = "UIView+NUI.h"; sourceTree = "<group>"; };
		6A529B72167A47FC009A1CCB /* UIView+NUI.m */ = {isa = PBXFileReference; fileEncoding = 4; lastKnownFileType = sourcecode.c.objc; path = "UIView+NUI.m"; sourceTree = "<group>"; };
		6AED8736167D9B3500EBC6CD /* CoreImage.framework */ = {isa = PBXFileReference; includeInIndex = 1; lastKnownFileType = wrapper.framework; name = CoreImage.framework; path = System/Library/Frameworks/CoreImage.framework; sourceTree = SDKROOT; };
		6AED8739167D9B3B00EBC6CD /* QuartzCore.framework */ = {isa = PBXFileReference; includeInIndex = 1; lastKnownFileType = wrapper.framework; name = QuartzCore.framework; path = System/Library/Frameworks/QuartzCore.framework; sourceTree = SDKROOT; };
		A415B447167EE914002FFC83 /* FLTaskController.h */ = {isa = PBXFileReference; fileEncoding = 4; lastKnownFileType = sourcecode.c.h; name = FLTaskController.h; path = Classes/Controllers/Tasks/FLTaskController.h; sourceTree = "<group>"; };
		A415B448167EE914002FFC83 /* FLTaskController.m */ = {isa = PBXFileReference; fileEncoding = 4; lastKnownFileType = sourcecode.c.objc; name = FLTaskController.m; path = Classes/Controllers/Tasks/FLTaskController.m; sourceTree = "<group>"; };
		A429B35D167F3B0C00078D1E /* 0012.png */ = {isa = PBXFileReference; lastKnownFileType = image.png; path = 0012.png; sourceTree = "<group>"; };
		A429B35E167F3B0C00078D1E /* 0012@2x.png */ = {isa = PBXFileReference; lastKnownFileType = image.png; path = "0012@2x.png"; sourceTree = "<group>"; };
		A429B35F167F3B0C00078D1E /* 0053.png */ = {isa = PBXFileReference; lastKnownFileType = image.png; path = 0053.png; sourceTree = "<group>"; };
		A429B360167F3B0C00078D1E /* 0053@2x.png */ = {isa = PBXFileReference; lastKnownFileType = image.png; path = "0053@2x.png"; sourceTree = "<group>"; };
		A429B361167F3B0C00078D1E /* 0220.png */ = {isa = PBXFileReference; lastKnownFileType = image.png; path = 0220.png; sourceTree = "<group>"; };
		A429B362167F3B0C00078D1E /* 0220@2x.png */ = {isa = PBXFileReference; lastKnownFileType = image.png; path = "0220@2x.png"; sourceTree = "<group>"; };
		CB0AF9F7B17F4CB7B2ECC008 /* Pods.xcconfig */ = {isa = PBXFileReference; includeInIndex = 1; lastKnownFileType = text.xcconfig; name = Pods.xcconfig; path = Pods/Pods.xcconfig; sourceTree = SOURCE_ROOT; };
/* End PBXFileReference section */

/* Begin PBXFrameworksBuildPhase section */
		6A529ADB167A47AF009A1CCB /* Frameworks */ = {
			isa = PBXFrameworksBuildPhase;
			buildActionMask = 2147483647;
			files = (
				6AED873A167D9B3B00EBC6CD /* QuartzCore.framework in Frameworks */,
				6AED8737167D9B3500EBC6CD /* CoreImage.framework in Frameworks */,
				6A529AE3167A47AF009A1CCB /* UIKit.framework in Frameworks */,
				6A529AE5167A47AF009A1CCB /* Foundation.framework in Frameworks */,
				6A529AE7167A47AF009A1CCB /* CoreGraphics.framework in Frameworks */,
				6D1A659EDAF44F38BE9E013F /* libPods.a in Frameworks */,
			);
			runOnlyForDeploymentPostprocessing = 0;
		};
		6A529B0C167A47AF009A1CCB /* Frameworks */ = {
			isa = PBXFrameworksBuildPhase;
			buildActionMask = 2147483647;
			files = (
				6A529B12167A47AF009A1CCB /* SenTestingKit.framework in Frameworks */,
				6A529B13167A47AF009A1CCB /* UIKit.framework in Frameworks */,
				6A529B14167A47AF009A1CCB /* Foundation.framework in Frameworks */,
			);
			runOnlyForDeploymentPostprocessing = 0;
		};
/* End PBXFrameworksBuildPhase section */

/* Begin PBXGroup section */
		6A1AE728167DB59B005DE0E5 /* Сlasses */ = {
			isa = PBXGroup;
			children = (
				6A1AE762167E1F9D005DE0E5 /* Defines */,
				6A1AE750167E131F005DE0E5 /* VIews */,
				6A1AE749167E1298005DE0E5 /* Controllers */,
				6A1AE748167E127E005DE0E5 /* Parser */,
				6A1AE73F167DCE38005DE0E5 /* Client */,
				6A1AE734167DCADB005DE0E5 /* Models */,
			);
			name = "Сlasses";
			sourceTree = "<group>";
		};
		6A1AE734167DCADB005DE0E5 /* Models */ = {
			isa = PBXGroup;
			children = (
				6A1AE735167DCB6A005DE0E5 /* FLTask.h */,
				6A1AE736167DCB6A005DE0E5 /* FLTask.m */,
			);
			name = Models;
			sourceTree = "<group>";
		};
		6A1AE73F167DCE38005DE0E5 /* Client */ = {
			isa = PBXGroup;
			children = (
				6A1AE72A167DB5C8005DE0E5 /* FLHTTPClient.h */,
				6A1AE72B167DB5C8005DE0E5 /* FLHTTPClient.m */,
			);
			name = Client;
			sourceTree = "<group>";
		};
		6A1AE748167E127E005DE0E5 /* Parser */ = {
			isa = PBXGroup;
			children = (
				6A1AE742167DD022005DE0E5 /* FLHTMLParser.h */,
				6A1AE743167DD022005DE0E5 /* FLHTMLParser.m */,
			);
			name = Parser;
			sourceTree = "<group>";
		};
		6A1AE749167E1298005DE0E5 /* Controllers */ = {
			isa = PBXGroup;
			children = (
				A415B446167EE8F8002FFC83 /* Tasks */,
				6A1AE74A167E12B6005DE0E5 /* FLBaseController.h */,
				6A1AE74B167E12B6005DE0E5 /* FLBaseController.m */,
			);
			name = Controllers;
			sourceTree = "<group>";
		};
		6A1AE750167E131F005DE0E5 /* VIews */ = {
			isa = PBXGroup;
			children = (
				6A1AE751167E1335005DE0E5 /* FLTaskCell.xib */,
				6A1AE75A167E18CD005DE0E5 /* LoadingCell.xib */,
				6A1AE75C167E1908005DE0E5 /* FLEmptyCell.xib */,
			);
			name = VIews;
			sourceTree = "<group>";
		};
		6A1AE762167E1F9D005DE0E5 /* Defines */ = {
			isa = PBXGroup;
			children = (
				6A1AE745167E11FE005DE0E5 /* FLDefines.h */,
				6A1AE746167E11FF005DE0E5 /* FLDefines.m */,
			);
			name = Defines;
			sourceTree = "<group>";
		};
		6A529AD3167A47AF009A1CCB = {
			isa = PBXGroup;
			children = (
				6AED8739167D9B3B00EBC6CD /* QuartzCore.framework */,
				6AED8736167D9B3500EBC6CD /* CoreImage.framework */,
				6A529AE8167A47AF009A1CCB /* freelansim-client */,
				6A529B17167A47AF009A1CCB /* freelansim-clientTests */,
				6A529AE1167A47AF009A1CCB /* Frameworks */,
				6A529ADF167A47AF009A1CCB /* Products */,
				CB0AF9F7B17F4CB7B2ECC008 /* Pods.xcconfig */,
			);
			sourceTree = "<group>";
		};
		6A529ADF167A47AF009A1CCB /* Products */ = {
			isa = PBXGroup;
			children = (
				6A529ADE167A47AF009A1CCB /* freelansim-client.app */,
				6A529B10167A47AF009A1CCB /* freelansim-clientTests.octest */,
			);
			name = Products;
			sourceTree = "<group>";
		};
		6A529AE1167A47AF009A1CCB /* Frameworks */ = {
			isa = PBXGroup;
			children = (
				6A529AE2167A47AF009A1CCB /* UIKit.framework */,
				6A529AE4167A47AF009A1CCB /* Foundation.framework */,
				6A529AE6167A47AF009A1CCB /* CoreGraphics.framework */,
				6A529B11167A47AF009A1CCB /* SenTestingKit.framework */,
				41AF178834E54C6E9830FDCB /* libPods.a */,
			);
			name = Frameworks;
			sourceTree = "<group>";
		};
		6A529AE8167A47AF009A1CCB /* freelansim-client */ = {
			isa = PBXGroup;
			children = (
				A429B35A167F3AD400078D1E /* Resources */,
				6A529B29167A47EC009A1CCB /* Vendor */,
				6A1AE728167DB59B005DE0E5 /* Сlasses */,
				6AED873F167D9F4300EBC6CD /* Application */,
				6A529AE9167A47AF009A1CCB /* Supporting Files */,
			);
			path = "freelansim-client";
			sourceTree = "<group>";
		};
		6A529AE9167A47AF009A1CCB /* Supporting Files */ = {
			isa = PBXGroup;
			children = (
				6A529AEA167A47AF009A1CCB /* freelansim-client-Info.plist */,
				6A529AEB167A47AF009A1CCB /* InfoPlist.strings */,
				6A529AEE167A47AF009A1CCB /* main.m */,
				6A529AF0167A47AF009A1CCB /* freelansim-client-Prefix.pch */,
				6A529AF4167A47AF009A1CCB /* Default.png */,
				6A529AF6167A47AF009A1CCB /* Default@2x.png */,
				6A529AF8167A47AF009A1CCB /* Default-568h@2x.png */,
			);
			name = "Supporting Files";
			sourceTree = "<group>";
		};
		6A529B17167A47AF009A1CCB /* freelansim-clientTests */ = {
			isa = PBXGroup;
			children = (
				6A529B1D167A47AF009A1CCB /* freelansim_clientTests.h */,
				6A529B1E167A47AF009A1CCB /* freelansim_clientTests.m */,
				6A529B18167A47AF009A1CCB /* Supporting Files */,
			);
			path = "freelansim-clientTests";
			sourceTree = "<group>";
		};
		6A529B18167A47AF009A1CCB /* Supporting Files */ = {
			isa = PBXGroup;
			children = (
				6A529B19167A47AF009A1CCB /* freelansim-clientTests-Info.plist */,
				6A529B1A167A47AF009A1CCB /* InfoPlist.strings */,
			);
			name = "Supporting Files";
			sourceTree = "<group>";
		};
		6A529B28167A47B7009A1CCB /* StoryBoard */ = {
			isa = PBXGroup;
			children = (
				6A529AFA167A47AF009A1CCB /* MainStoryboard.storyboard */,
			);
			name = StoryBoard;
			sourceTree = "<group>";
		};
		6A529B29167A47EC009A1CCB /* Vendor */ = {
			isa = PBXGroup;
			children = (
				6A529B2A167A47FC009A1CCB /* NUI */,
			);
			name = Vendor;
			sourceTree = "<group>";
		};
		6A529B2A167A47FC009A1CCB /* NUI */ = {
			isa = PBXGroup;
			children = (
				6A529B2B167A47FC009A1CCB /* Core */,
				6A529B53167A47FC009A1CCB /* NUIStyle.nss */,
				6A529B54167A47FC009A1CCB /* Resources */,
				6A529B58167A47FC009A1CCB /* Styles */,
				6A529B5C167A47FC009A1CCB /* UI */,
			);
			path = NUI;
			sourceTree = "<group>";
		};
		6A529B2B167A47FC009A1CCB /* Core */ = {
			isa = PBXGroup;
			children = (
				6A529B2C167A47FC009A1CCB /* NUIAppearance.h */,
				6A529B2D167A47FC009A1CCB /* NUIAppearance.m */,
				6A529B2E167A47FC009A1CCB /* NUIConverter.h */,
				6A529B2F167A47FC009A1CCB /* NUIConverter.m */,
				6A529B30167A47FC009A1CCB /* NUIGraphics.h */,
				6A529B31167A47FC009A1CCB /* NUIGraphics.m */,
				6A529B32167A47FC009A1CCB /* NUIRenderer.h */,
				6A529B33167A47FC009A1CCB /* NUIRenderer.m */,
				6A529B34167A47FC009A1CCB /* NUISettings.h */,
				6A529B35167A47FC009A1CCB /* NUISettings.m */,
				6A529B36167A47FC009A1CCB /* NUIStyleParser.h */,
				6A529B37167A47FC009A1CCB /* NUIStyleParser.m */,
				6A529B38167A47FC009A1CCB /* NUISwizzler.h */,
				6A529B39167A47FC009A1CCB /* NUISwizzler.m */,
				6A529B3A167A47FC009A1CCB /* NUIUtilities.h */,
				6A529B3B167A47FC009A1CCB /* NUIUtilities.m */,
				6A529B3C167A47FC009A1CCB /* Renderers */,
			);
			path = Core;
			sourceTree = "<group>";
		};
		6A529B3C167A47FC009A1CCB /* Renderers */ = {
			isa = PBXGroup;
			children = (
				6A529B3D167A47FC009A1CCB /* NUIBarButtonItemRenderer.h */,
				6A529B3E167A47FC009A1CCB /* NUIBarButtonItemRenderer.m */,
				6A529B3F167A47FC009A1CCB /* NUIButtonRenderer.h */,
				6A529B40167A47FC009A1CCB /* NUIButtonRenderer.m */,
				6A529B41167A47FC009A1CCB /* NUILabelRenderer.h */,
				6A529B42167A47FC009A1CCB /* NUILabelRenderer.m */,
				6A529B43167A47FC009A1CCB /* NUINavigationBarRenderer.h */,
				6A529B44167A47FC009A1CCB /* NUINavigationBarRenderer.m */,
				6A529B45167A47FC009A1CCB /* NUINavigationItemRenderer.h */,
				6A529B46167A47FC009A1CCB /* NUINavigationItemRenderer.m */,
				6A529B47167A47FC009A1CCB /* NUISegmentedControlRenderer.h */,
				6A529B48167A47FC009A1CCB /* NUISegmentedControlRenderer.m */,
				6A529B49167A47FC009A1CCB /* NUITabBarItemRenderer.h */,
				6A529B4A167A47FC009A1CCB /* NUITabBarItemRenderer.m */,
				6A529B4B167A47FC009A1CCB /* NUITabBarRenderer.h */,
				6A529B4C167A47FC009A1CCB /* NUITabBarRenderer.m */,
				6A529B4D167A47FC009A1CCB /* NUITableViewCellRenderer.h */,
				6A529B4E167A47FC009A1CCB /* NUITableViewCellRenderer.m */,
				6A529B4F167A47FC009A1CCB /* NUITextFieldRenderer.h */,
				6A529B50167A47FC009A1CCB /* NUITextFieldRenderer.m */,
				6A529B51167A47FC009A1CCB /* NUIViewRenderer.h */,
				6A529B52167A47FC009A1CCB /* NUIViewRenderer.m */,
			);
			path = Renderers;
			sourceTree = "<group>";
		};
		6A529B54167A47FC009A1CCB /* Resources */ = {
			isa = PBXGroup;
			children = (
				6A529B55167A47FC009A1CCB /* NUIBackButtonTemplate.png */,
				6A529B56167A47FC009A1CCB /* NUIBarButtonTemplate.png */,
				6A529B57167A47FC009A1CCB /* NUIViewBackground.png */,
			);
			path = Resources;
			sourceTree = "<group>";
		};
		6A529B58167A47FC009A1CCB /* Styles */ = {
			isa = PBXGroup;
			children = (
				6A529B59167A47FC009A1CCB /* Blue.NUIStyle.nss */,
				6A529B5A167A47FC009A1CCB /* Default.NUIStyle.nss */,
				6A529B5B167A47FC009A1CCB /* Round.NUIStyle.nss */,
			);
			path = Styles;
			sourceTree = "<group>";
		};
		6A529B5C167A47FC009A1CCB /* UI */ = {
			isa = PBXGroup;
			children = (
				6A529B5D167A47FC009A1CCB /* UIBarButtonItem+NUI.h */,
				6A529B5E167A47FC009A1CCB /* UIBarButtonItem+NUI.m */,
				6A529B5F167A47FC009A1CCB /* UIButton+NUI.h */,
				6A529B60167A47FC009A1CCB /* UIButton+NUI.m */,
				6A529B61167A47FC009A1CCB /* UILabel+NUI.h */,
				6A529B62167A47FC009A1CCB /* UILabel+NUI.m */,
				6A529B63167A47FC009A1CCB /* UINavigationBar+NUI.h */,
				6A529B64167A47FC009A1CCB /* UINavigationBar+NUI.m */,
				6A529B65167A47FC009A1CCB /* UINavigationItem+NUI.h */,
				6A529B66167A47FC009A1CCB /* UINavigationItem+NUI.m */,
				6A529B67167A47FC009A1CCB /* UISegmentedControl+NUI.h */,
				6A529B68167A47FC009A1CCB /* UISegmentedControl+NUI.m */,
				6A529B69167A47FC009A1CCB /* UITabBar+NUI.h */,
				6A529B6A167A47FC009A1CCB /* UITabBar+NUI.m */,
				6A529B6B167A47FC009A1CCB /* UITabBarItem+NUI.h */,
				6A529B6C167A47FC009A1CCB /* UITabBarItem+NUI.m */,
				6A529B6D167A47FC009A1CCB /* UITableViewCell+NUI.h */,
				6A529B6E167A47FC009A1CCB /* UITableViewCell+NUI.m */,
				6A529B6F167A47FC009A1CCB /* UITextField+NUI.h */,
				6A529B70167A47FC009A1CCB /* UITextField+NUI.m */,
				6A529B71167A47FC009A1CCB /* UIView+NUI.h */,
				6A529B72167A47FC009A1CCB /* UIView+NUI.m */,
			);
			path = UI;
			sourceTree = "<group>";
		};
		6AED873F167D9F4300EBC6CD /* Application */ = {
			isa = PBXGroup;
			children = (
				6A529B28167A47B7009A1CCB /* StoryBoard */,
				6A529AF1167A47AF009A1CCB /* KKAppDelegate.h */,
				6A529AF2167A47AF009A1CCB /* KKAppDelegate.m */,
			);
			name = Application;
			sourceTree = "<group>";
		};
		A415B446167EE8F8002FFC83 /* Tasks */ = {
			isa = PBXGroup;
			children = (
				6A1AE74D167E12D1005DE0E5 /* FLTasksController.h */,
				6A1AE74E167E12D1005DE0E5 /* FLTasksController.m */,
				A415B447167EE914002FFC83 /* FLTaskController.h */,
				A415B448167EE914002FFC83 /* FLTaskController.m */,
			);
			name = Tasks;
			sourceTree = "<group>";
		};
		A429B35A167F3AD400078D1E /* Resources */ = {
			isa = PBXGroup;
			children = (
				A429B35C167F3B0C00078D1E /* Icons */,
			);
			name = Resources;
			sourceTree = "<group>";
		};
		A429B35C167F3B0C00078D1E /* Icons */ = {
			isa = PBXGroup;
			children = (
				A429B35D167F3B0C00078D1E /* 0012.png */,
				A429B35E167F3B0C00078D1E /* 0012@2x.png */,
				A429B35F167F3B0C00078D1E /* 0053.png */,
				A429B360167F3B0C00078D1E /* 0053@2x.png */,
				A429B361167F3B0C00078D1E /* 0220.png */,
				A429B362167F3B0C00078D1E /* 0220@2x.png */,
			);
			name = Icons;
			path = Resources/Icons;
			sourceTree = "<group>";
		};
/* End PBXGroup section */

/* Begin PBXNativeTarget section */
		6A529ADD167A47AF009A1CCB /* freelansim-client */ = {
			isa = PBXNativeTarget;
			buildConfigurationList = 6A529B22167A47AF009A1CCB /* Build configuration list for PBXNativeTarget "freelansim-client" */;
			buildPhases = (
				6A529ADA167A47AF009A1CCB /* Sources */,
				6A529ADB167A47AF009A1CCB /* Frameworks */,
				6A529ADC167A47AF009A1CCB /* Resources */,
				C8EC646E1AD54B0492D3FE6E /* Copy Pods Resources */,
			);
			buildRules = (
			);
			dependencies = (
			);
			name = "freelansim-client";
			productName = "freelansim-client";
			productReference = 6A529ADE167A47AF009A1CCB /* freelansim-client.app */;
			productType = "com.apple.product-type.application";
		};
		6A529B0F167A47AF009A1CCB /* freelansim-clientTests */ = {
			isa = PBXNativeTarget;
			buildConfigurationList = 6A529B25167A47AF009A1CCB /* Build configuration list for PBXNativeTarget "freelansim-clientTests" */;
			buildPhases = (
				6A529B0B167A47AF009A1CCB /* Sources */,
				6A529B0C167A47AF009A1CCB /* Frameworks */,
				6A529B0D167A47AF009A1CCB /* Resources */,
				6A529B0E167A47AF009A1CCB /* ShellScript */,
			);
			buildRules = (
			);
			dependencies = (
				6A529B16167A47AF009A1CCB /* PBXTargetDependency */,
			);
			name = "freelansim-clientTests";
			productName = "freelansim-clientTests";
			productReference = 6A529B10167A47AF009A1CCB /* freelansim-clientTests.octest */;
			productType = "com.apple.product-type.bundle";
		};
/* End PBXNativeTarget section */

/* Begin PBXProject section */
		6A529AD5167A47AF009A1CCB /* Project object */ = {
			isa = PBXProject;
			attributes = {
				CLASSPREFIX = KK;
				LastUpgradeCheck = 0450;
				ORGANIZATIONNAME = "Kirill Kunst";
			};
			buildConfigurationList = 6A529AD8167A47AF009A1CCB /* Build configuration list for PBXProject "freelansim-client" */;
			compatibilityVersion = "Xcode 3.2";
			developmentRegion = English;
			hasScannedForEncodings = 0;
			knownRegions = (
				en,
			);
			mainGroup = 6A529AD3167A47AF009A1CCB;
			productRefGroup = 6A529ADF167A47AF009A1CCB /* Products */;
			projectDirPath = "";
			projectRoot = "";
			targets = (
				6A529ADD167A47AF009A1CCB /* freelansim-client */,
				6A529B0F167A47AF009A1CCB /* freelansim-clientTests */,
			);
		};
/* End PBXProject section */

/* Begin PBXResourcesBuildPhase section */
		6A529ADC167A47AF009A1CCB /* Resources */ = {
			isa = PBXResourcesBuildPhase;
			buildActionMask = 2147483647;
			files = (
				6A529AED167A47AF009A1CCB /* InfoPlist.strings in Resources */,
				6A529AF5167A47AF009A1CCB /* Default.png in Resources */,
				6A529AF7167A47AF009A1CCB /* Default@2x.png in Resources */,
				6A529AF9167A47AF009A1CCB /* Default-568h@2x.png in Resources */,
				6A529AFC167A47AF009A1CCB /* MainStoryboard.storyboard in Resources */,
				6A529B86167A47FC009A1CCB /* NUIStyle.nss in Resources */,
				6A529B87167A47FC009A1CCB /* NUIBackButtonTemplate.png in Resources */,
				6A529B88167A47FC009A1CCB /* NUIBarButtonTemplate.png in Resources */,
				6A529B89167A47FC009A1CCB /* NUIViewBackground.png in Resources */,
				6A529B8A167A47FC009A1CCB /* Blue.NUIStyle.nss in Resources */,
				6A529B8B167A47FC009A1CCB /* Default.NUIStyle.nss in Resources */,
				6A529B8C167A47FC009A1CCB /* Round.NUIStyle.nss in Resources */,
				6A1AE752167E1335005DE0E5 /* FLTaskCell.xib in Resources */,
				6A1AE75B167E18CD005DE0E5 /* LoadingCell.xib in Resources */,
				6A1AE75D167E1908005DE0E5 /* FLEmptyCell.xib in Resources */,
				A429B363167F3B0C00078D1E /* 0012.png in Resources */,
				A429B364167F3B0C00078D1E /* 0012@2x.png in Resources */,
				A429B365167F3B0C00078D1E /* 0053.png in Resources */,
				A429B366167F3B0C00078D1E /* 0053@2x.png in Resources */,
				A429B367167F3B0C00078D1E /* 0220.png in Resources */,
				A429B368167F3B0C00078D1E /* 0220@2x.png in Resources */,
			);
			runOnlyForDeploymentPostprocessing = 0;
		};
		6A529B0D167A47AF009A1CCB /* Resources */ = {
			isa = PBXResourcesBuildPhase;
			buildActionMask = 2147483647;
			files = (
				6A529B1C167A47AF009A1CCB /* InfoPlist.strings in Resources */,
			);
			runOnlyForDeploymentPostprocessing = 0;
		};
/* End PBXResourcesBuildPhase section */

/* Begin PBXShellScriptBuildPhase section */
		6A529B0E167A47AF009A1CCB /* ShellScript */ = {
			isa = PBXShellScriptBuildPhase;
			buildActionMask = 2147483647;
			files = (
			);
			inputPaths = (
			);
			outputPaths = (
			);
			runOnlyForDeploymentPostprocessing = 0;
			shellPath = /bin/sh;
			shellScript = "# Run the unit tests in this test bundle.\n\"${SYSTEM_DEVELOPER_DIR}/Tools/RunUnitTests\"\n";
		};
		C8EC646E1AD54B0492D3FE6E /* Copy Pods Resources */ = {
			isa = PBXShellScriptBuildPhase;
			buildActionMask = 2147483647;
			files = (
			);
			inputPaths = (
			);
			name = "Copy Pods Resources";
			outputPaths = (
			);
			runOnlyForDeploymentPostprocessing = 0;
			shellPath = /bin/sh;
			shellScript = "\"${SRCROOT}/Pods/Pods-resources.sh\"\n";
		};
/* End PBXShellScriptBuildPhase section */

/* Begin PBXSourcesBuildPhase section */
		6A529ADA167A47AF009A1CCB /* Sources */ = {
			isa = PBXSourcesBuildPhase;
			buildActionMask = 2147483647;
			files = (
				6A529AEF167A47AF009A1CCB /* main.m in Sources */,
				6A529AF3167A47AF009A1CCB /* KKAppDelegate.m in Sources */,
				6A529B73167A47FC009A1CCB /* NUIAppearance.m in Sources */,
				6A529B74167A47FC009A1CCB /* NUIConverter.m in Sources */,
				6A529B75167A47FC009A1CCB /* NUIGraphics.m in Sources */,
				6A529B76167A47FC009A1CCB /* NUIRenderer.m in Sources */,
				6A529B77167A47FC009A1CCB /* NUISettings.m in Sources */,
				6A529B78167A47FC009A1CCB /* NUIStyleParser.m in Sources */,
				6A529B79167A47FC009A1CCB /* NUISwizzler.m in Sources */,
				6A529B7A167A47FC009A1CCB /* NUIUtilities.m in Sources */,
				6A529B7B167A47FC009A1CCB /* NUIBarButtonItemRenderer.m in Sources */,
				6A529B7C167A47FC009A1CCB /* NUIButtonRenderer.m in Sources */,
				6A529B7D167A47FC009A1CCB /* NUILabelRenderer.m in Sources */,
				6A529B7E167A47FC009A1CCB /* NUINavigationBarRenderer.m in Sources */,
				6A529B7F167A47FC009A1CCB /* NUINavigationItemRenderer.m in Sources */,
				6A529B80167A47FC009A1CCB /* NUISegmentedControlRenderer.m in Sources */,
				6A529B81167A47FC009A1CCB /* NUITabBarItemRenderer.m in Sources */,
				6A529B82167A47FC009A1CCB /* NUITabBarRenderer.m in Sources */,
				6A529B83167A47FC009A1CCB /* NUITableViewCellRenderer.m in Sources */,
				6A529B84167A47FC009A1CCB /* NUITextFieldRenderer.m in Sources */,
				6A529B85167A47FC009A1CCB /* NUIViewRenderer.m in Sources */,
				6A529B8D167A47FC009A1CCB /* UIBarButtonItem+NUI.m in Sources */,
				6A529B8E167A47FC009A1CCB /* UIButton+NUI.m in Sources */,
				6A529B8F167A47FC009A1CCB /* UILabel+NUI.m in Sources */,
				6A529B90167A47FC009A1CCB /* UINavigationBar+NUI.m in Sources */,
				6A529B91167A47FC009A1CCB /* UINavigationItem+NUI.m in Sources */,
				6A529B92167A47FC009A1CCB /* UISegmentedControl+NUI.m in Sources */,
				6A529B93167A47FC009A1CCB /* UITabBar+NUI.m in Sources */,
				6A529B94167A47FC009A1CCB /* UITabBarItem+NUI.m in Sources */,
				6A529B95167A47FC009A1CCB /* UITableViewCell+NUI.m in Sources */,
				6A529B96167A47FC009A1CCB /* UITextField+NUI.m in Sources */,
				6A529B97167A47FC009A1CCB /* UIView+NUI.m in Sources */,
				6A1AE72C167DB5C8005DE0E5 /* FLHTTPClient.m in Sources */,
				6A1AE737167DCB6A005DE0E5 /* FLTask.m in Sources */,
				6A1AE744167DD022005DE0E5 /* FLHTMLParser.m in Sources */,
				6A1AE747167E11FF005DE0E5 /* FLDefines.m in Sources */,
				6A1AE74C167E12B6005DE0E5 /* FLBaseController.m in Sources */,
				6A1AE74F167E12D1005DE0E5 /* FLTasksController.m in Sources */,
				A415B449167EE914002FFC83 /* FLTaskController.m in Sources */,
			);
			runOnlyForDeploymentPostprocessing = 0;
		};
		6A529B0B167A47AF009A1CCB /* Sources */ = {
			isa = PBXSourcesBuildPhase;
			buildActionMask = 2147483647;
			files = (
				6A529B1F167A47AF009A1CCB /* freelansim_clientTests.m in Sources */,
			);
			runOnlyForDeploymentPostprocessing = 0;
		};
/* End PBXSourcesBuildPhase section */

/* Begin PBXTargetDependency section */
		6A529B16167A47AF009A1CCB /* PBXTargetDependency */ = {
			isa = PBXTargetDependency;
			target = 6A529ADD167A47AF009A1CCB /* freelansim-client */;
			targetProxy = 6A529B15167A47AF009A1CCB /* PBXContainerItemProxy */;
		};
/* End PBXTargetDependency section */

/* Begin PBXVariantGroup section */
		6A529AEB167A47AF009A1CCB /* InfoPlist.strings */ = {
			isa = PBXVariantGroup;
			children = (
				6A529AEC167A47AF009A1CCB /* en */,
			);
			name = InfoPlist.strings;
			sourceTree = "<group>";
		};
		6A529AFA167A47AF009A1CCB /* MainStoryboard.storyboard */ = {
			isa = PBXVariantGroup;
			children = (
				6A529AFB167A47AF009A1CCB /* en */,
			);
			name = MainStoryboard.storyboard;
			sourceTree = "<group>";
		};
		6A529B1A167A47AF009A1CCB /* InfoPlist.strings */ = {
			isa = PBXVariantGroup;
			children = (
				6A529B1B167A47AF009A1CCB /* en */,
			);
			name = InfoPlist.strings;
			sourceTree = "<group>";
		};
/* End PBXVariantGroup section */

/* Begin XCBuildConfiguration section */
		6A529B20167A47AF009A1CCB /* Debug */ = {
			isa = XCBuildConfiguration;
			buildSettings = {
				ALWAYS_SEARCH_USER_PATHS = NO;
				CLANG_CXX_LANGUAGE_STANDARD = "gnu++0x";
				CLANG_CXX_LIBRARY = "libc++";
				CLANG_ENABLE_OBJC_ARC = YES;
				CLANG_WARN_EMPTY_BODY = YES;
				CLANG_WARN__DUPLICATE_METHOD_MATCH = YES;
				"CODE_SIGN_IDENTITY[sdk=iphoneos*]" = "iPhone Developer";
				COPY_PHASE_STRIP = NO;
				GCC_C_LANGUAGE_STANDARD = gnu99;
				GCC_DYNAMIC_NO_PIC = NO;
				GCC_OPTIMIZATION_LEVEL = 0;
				GCC_PREPROCESSOR_DEFINITIONS = (
					"DEBUG=1",
					"$(inherited)",
				);
				GCC_SYMBOLS_PRIVATE_EXTERN = NO;
				GCC_WARN_ABOUT_RETURN_TYPE = YES;
				GCC_WARN_UNINITIALIZED_AUTOS = YES;
				GCC_WARN_UNUSED_VARIABLE = YES;
				IPHONEOS_DEPLOYMENT_TARGET = 6.0;
				ONLY_ACTIVE_ARCH = YES;
				SDKROOT = iphoneos;
			};
			name = Debug;
		};
		6A529B21167A47AF009A1CCB /* Release */ = {
			isa = XCBuildConfiguration;
			buildSettings = {
				ALWAYS_SEARCH_USER_PATHS = NO;
				CLANG_CXX_LANGUAGE_STANDARD = "gnu++0x";
				CLANG_CXX_LIBRARY = "libc++";
				CLANG_ENABLE_OBJC_ARC = YES;
				CLANG_WARN_EMPTY_BODY = YES;
				CLANG_WARN__DUPLICATE_METHOD_MATCH = YES;
				"CODE_SIGN_IDENTITY[sdk=iphoneos*]" = "iPhone Developer";
				COPY_PHASE_STRIP = YES;
				GCC_C_LANGUAGE_STANDARD = gnu99;
				GCC_WARN_ABOUT_RETURN_TYPE = YES;
				GCC_WARN_UNINITIALIZED_AUTOS = YES;
				GCC_WARN_UNUSED_VARIABLE = YES;
				IPHONEOS_DEPLOYMENT_TARGET = 6.0;
				OTHER_CFLAGS = "-DNS_BLOCK_ASSERTIONS=1";
				SDKROOT = iphoneos;
				VALIDATE_PRODUCT = YES;
			};
			name = Release;
		};
		6A529B23167A47AF009A1CCB /* Debug */ = {
			isa = XCBuildConfiguration;
			baseConfigurationReference = CB0AF9F7B17F4CB7B2ECC008 /* Pods.xcconfig */;
			buildSettings = {
				CODE_SIGN_IDENTITY = "iPhone Developer: Кирилл Кунст (7J3RNQ6456)";
				"CODE_SIGN_IDENTITY[sdk=iphoneos*]" = "iPhone Developer: Кирилл Кунст (7J3RNQ6456)";
				GCC_PRECOMPILE_PREFIX_HEADER = YES;
				GCC_PREFIX_HEADER = "freelansim-client/freelansim-client-Prefix.pch";
				INFOPLIST_FILE = "freelansim-client/freelansim-client-Info.plist";
				PRODUCT_NAME = "$(TARGET_NAME)";
				PROVISIONING_PROFILE = "1DDA8214-3AD1-43BB-887D-EC9A901F01D2";
				"PROVISIONING_PROFILE[sdk=iphoneos*]" = "1DDA8214-3AD1-43BB-887D-EC9A901F01D2";
				WRAPPER_EXTENSION = app;
			};
			name = Debug;
		};
		6A529B24167A47AF009A1CCB /* Release */ = {
			isa = XCBuildConfiguration;
			baseConfigurationReference = CB0AF9F7B17F4CB7B2ECC008 /* Pods.xcconfig */;
			buildSettings = {
				GCC_PRECOMPILE_PREFIX_HEADER = YES;
				GCC_PREFIX_HEADER = "freelansim-client/freelansim-client-Prefix.pch";
				INFOPLIST_FILE = "freelansim-client/freelansim-client-Info.plist";
				PRODUCT_NAME = "$(TARGET_NAME)";
				WRAPPER_EXTENSION = app;
			};
			name = Release;
		};
		6A529B26167A47AF009A1CCB /* Debug */ = {
			isa = XCBuildConfiguration;
			buildSettings = {
				BUNDLE_LOADER = "$(BUILT_PRODUCTS_DIR)/freelansim-client.app/freelansim-client";
				FRAMEWORK_SEARCH_PATHS = (
					"\"$(SDKROOT)/Developer/Library/Frameworks\"",
					"\"$(DEVELOPER_LIBRARY_DIR)/Frameworks\"",
				);
				GCC_PRECOMPILE_PREFIX_HEADER = YES;
				GCC_PREFIX_HEADER = "freelansim-client/freelansim-client-Prefix.pch";
				INFOPLIST_FILE = "freelansim-clientTests/freelansim-clientTests-Info.plist";
				PRODUCT_NAME = "$(TARGET_NAME)";
				TEST_HOST = "$(BUNDLE_LOADER)";
				WRAPPER_EXTENSION = octest;
			};
			name = Debug;
		};
		6A529B27167A47AF009A1CCB /* Release */ = {
			isa = XCBuildConfiguration;
			buildSettings = {
				BUNDLE_LOADER = "$(BUILT_PRODUCTS_DIR)/freelansim-client.app/freelansim-client";
				FRAMEWORK_SEARCH_PATHS = (
					"\"$(SDKROOT)/Developer/Library/Frameworks\"",
					"\"$(DEVELOPER_LIBRARY_DIR)/Frameworks\"",
				);
				GCC_PRECOMPILE_PREFIX_HEADER = YES;
				GCC_PREFIX_HEADER = "freelansim-client/freelansim-client-Prefix.pch";
				INFOPLIST_FILE = "freelansim-clientTests/freelansim-clientTests-Info.plist";
				PRODUCT_NAME = "$(TARGET_NAME)";
				TEST_HOST = "$(BUNDLE_LOADER)";
				WRAPPER_EXTENSION = octest;
			};
			name = Release;
		};
/* End XCBuildConfiguration section */

/* Begin XCConfigurationList section */
		6A529AD8167A47AF009A1CCB /* Build configuration list for PBXProject "freelansim-client" */ = {
			isa = XCConfigurationList;
			buildConfigurations = (
				6A529B20167A47AF009A1CCB /* Debug */,
				6A529B21167A47AF009A1CCB /* Release */,
			);
			defaultConfigurationIsVisible = 0;
			defaultConfigurationName = Release;
		};
		6A529B22167A47AF009A1CCB /* Build configuration list for PBXNativeTarget "freelansim-client" */ = {
			isa = XCConfigurationList;
			buildConfigurations = (
				6A529B23167A47AF009A1CCB /* Debug */,
				6A529B24167A47AF009A1CCB /* Release */,
			);
			defaultConfigurationIsVisible = 0;
			defaultConfigurationName = Release;
		};
		6A529B25167A47AF009A1CCB /* Build configuration list for PBXNativeTarget "freelansim-clientTests" */ = {
			isa = XCConfigurationList;
			buildConfigurations = (
				6A529B26167A47AF009A1CCB /* Debug */,
				6A529B27167A47AF009A1CCB /* Release */,
			);
			defaultConfigurationIsVisible = 0;
			defaultConfigurationName = Release;
		};
/* End XCConfigurationList section */
	};
	rootObject = 6A529AD5167A47AF009A1CCB /* Project object */;
}
