// !$*UTF8*$!
{
	archiveVersion = 1;
	classes = {
	};
	objectVersion = 46;
	objects = {

/* Begin PBXBuildFile section */
		6A1AE72C167DB5C8005DE0E5 /* FLHTTPClient.m in Sources */ = {isa = PBXBuildFile; fileRef = 6A1AE72B167DB5C8005DE0E5 /* FLHTTPClient.m */; };
		6A1AE737167DCB6A005DE0E5 /* FLTask.m in Sources */ = {isa = PBXBuildFile; fileRef = 6A1AE736167DCB6A005DE0E5 /* FLTask.m */; };
		6A1AE744167DD022005DE0E5 /* FLHTMLParser.m in Sources */ = {isa = PBXBuildFile; fileRef = 6A1AE743167DD022005DE0E5 /* FLHTMLParser.m */; };
		6A1AE747167E11FF005DE0E5 /* FLDefines.m in Sources */ = {isa = PBXBuildFile; fileRef = 6A1AE746167E11FF005DE0E5 /* FLDefines.m */; };
		6A1AE74C167E12B6005DE0E5 /* FLBaseController.m in Sources */ = {isa = PBXBuildFile; fileRef = 6A1AE74B167E12B6005DE0E5 /* FLBaseController.m */; };
		6A1AE74F167E12D1005DE0E5 /* FLTasksController.m in Sources */ = {isa = PBXBuildFile; fileRef = 6A1AE74E167E12D1005DE0E5 /* FLTasksController.m */; };
		6A1AE752167E1335005DE0E5 /* FLTaskCell.xib in Resources */ = {isa = PBXBuildFile; fileRef = 6A1AE751167E1335005DE0E5 /* FLTaskCell.xib */; };
		6A1AE75B167E18CD005DE0E5 /* LoadingCell.xib in Resources */ = {isa = PBXBuildFile; fileRef = 6A1AE75A167E18CD005DE0E5 /* LoadingCell.xib */; };
		6A1AE75D167E1908005DE0E5 /* FLEmptyCell.xib in Resources */ = {isa = PBXBuildFile; fileRef = 6A1AE75C167E1908005DE0E5 /* FLEmptyCell.xib */; };
		6A1F1B6C16A1489E00712924 /* UIColor+FreelansimAdditions.m in Sources */ = {isa = PBXBuildFile; fileRef = 6A1F1B6B16A1489E00712924 /* UIColor+FreelansimAdditions.m */; };
		6A1F1B7716A151FB00712924 /* grey@2x.png in Resources */ = {isa = PBXBuildFile; fileRef = 6A1F1B7516A151FB00712924 /* grey@2x.png */; };
		6A1F1B7816A151FB00712924 /* grey.png in Resources */ = {isa = PBXBuildFile; fileRef = 6A1F1B7616A151FB00712924 /* grey.png */; };
		6A1F1B7A16A1557C00712924 /* Icon.png in Resources */ = {isa = PBXBuildFile; fileRef = 6A1F1B7916A1557C00712924 /* Icon.png */; };
		6A1F1B7C16A1558100712924 /* Icon@2x.png in Resources */ = {isa = PBXBuildFile; fileRef = 6A1F1B7B16A1558100712924 /* Icon@2x.png */; };
		6A2677841680877800F178E7 /* FLHTMLUtils.m in Sources */ = {isa = PBXBuildFile; fileRef = 6A2677831680877800F178E7 /* FLHTMLUtils.m */; };
		6A26778F16809CCB00F178E7 /* DWTagList.m in Sources */ = {isa = PBXBuildFile; fileRef = 6A26778E16809CCB00F178E7 /* DWTagList.m */; };
		6A26779B1680A1AF00F178E7 /* FLCategoriesController.m in Sources */ = {isa = PBXBuildFile; fileRef = 6A26779A1680A1AF00F178E7 /* FLCategoriesController.m */; };
		6A26779E1680A32300F178E7 /* FLCategory.m in Sources */ = {isa = PBXBuildFile; fileRef = 6A26779D1680A32300F178E7 /* FLCategory.m */; };
		6A2677A01680AAE800F178E7 /* CategoryCell.xib in Resources */ = {isa = PBXBuildFile; fileRef = 6A26779F1680AAE800F178E7 /* CategoryCell.xib */; };
		6A529AE3167A47AF009A1CCB /* UIKit.framework in Frameworks */ = {isa = PBXBuildFile; fileRef = 6A529AE2167A47AF009A1CCB /* UIKit.framework */; };
		6A529AE5167A47AF009A1CCB /* Foundation.framework in Frameworks */ = {isa = PBXBuildFile; fileRef = 6A529AE4167A47AF009A1CCB /* Foundation.framework */; };
		6A529AE7167A47AF009A1CCB /* CoreGraphics.framework in Frameworks */ = {isa = PBXBuildFile; fileRef = 6A529AE6167A47AF009A1CCB /* CoreGraphics.framework */; };
		6A529AED167A47AF009A1CCB /* InfoPlist.strings in Resources */ = {isa = PBXBuildFile; fileRef = 6A529AEB167A47AF009A1CCB /* InfoPlist.strings */; };
		6A529AEF167A47AF009A1CCB /* main.m in Sources */ = {isa = PBXBuildFile; fileRef = 6A529AEE167A47AF009A1CCB /* main.m */; };
		6A529AF3167A47AF009A1CCB /* KKAppDelegate.m in Sources */ = {isa = PBXBuildFile; fileRef = 6A529AF2167A47AF009A1CCB /* KKAppDelegate.m */; };
		6A529AF5167A47AF009A1CCB /* Default.png in Resources */ = {isa = PBXBuildFile; fileRef = 6A529AF4167A47AF009A1CCB /* Default.png */; };
		6A529AF7167A47AF009A1CCB /* Default@2x.png in Resources */ = {isa = PBXBuildFile; fileRef = 6A529AF6167A47AF009A1CCB /* Default@2x.png */; };
		6A529AF9167A47AF009A1CCB /* Default-568h@2x.png in Resources */ = {isa = PBXBuildFile; fileRef = 6A529AF8167A47AF009A1CCB /* Default-568h@2x.png */; };
		6A529AFC167A47AF009A1CCB /* MainStoryboard.storyboard in Resources */ = {isa = PBXBuildFile; fileRef = 6A529AFA167A47AF009A1CCB /* MainStoryboard.storyboard */; };
		6A529B12167A47AF009A1CCB /* SenTestingKit.framework in Frameworks */ = {isa = PBXBuildFile; fileRef = 6A529B11167A47AF009A1CCB /* SenTestingKit.framework */; };
		6A529B13167A47AF009A1CCB /* UIKit.framework in Frameworks */ = {isa = PBXBuildFile; fileRef = 6A529AE2167A47AF009A1CCB /* UIKit.framework */; };
		6A529B14167A47AF009A1CCB /* Foundation.framework in Frameworks */ = {isa = PBXBuildFile; fileRef = 6A529AE4167A47AF009A1CCB /* Foundation.framework */; };
		6A529B1C167A47AF009A1CCB /* InfoPlist.strings in Resources */ = {isa = PBXBuildFile; fileRef = 6A529B1A167A47AF009A1CCB /* InfoPlist.strings */; };
		6A529B1F167A47AF009A1CCB /* freelansim_clientTests.m in Sources */ = {isa = PBXBuildFile; fileRef = 6A529B1E167A47AF009A1CCB /* freelansim_clientTests.m */; };
		6A5C5F2D16A133760032D7FD /* nav-back-highlighted.png in Resources */ = {isa = PBXBuildFile; fileRef = 6A5C5F1916A133760032D7FD /* nav-back-highlighted.png */; };
		6A5C5F2E16A133760032D7FD /* nav-back-highlighted@2x.png in Resources */ = {isa = PBXBuildFile; fileRef = 6A5C5F1A16A133760032D7FD /* nav-back-highlighted@2x.png */; };
		6A5C5F2F16A133760032D7FD /* nav-back-mini-highlighted.png in Resources */ = {isa = PBXBuildFile; fileRef = 6A5C5F1B16A133760032D7FD /* nav-back-mini-highlighted.png */; };
		6A5C5F3016A133760032D7FD /* nav-back-mini-highlighted@2x.png in Resources */ = {isa = PBXBuildFile; fileRef = 6A5C5F1C16A133760032D7FD /* nav-back-mini-highlighted@2x.png */; };
		6A5C5F3116A133760032D7FD /* nav-back-mini.png in Resources */ = {isa = PBXBuildFile; fileRef = 6A5C5F1D16A133760032D7FD /* nav-back-mini.png */; };
		6A5C5F3216A133760032D7FD /* nav-back-mini@2x.png in Resources */ = {isa = PBXBuildFile; fileRef = 6A5C5F1E16A133760032D7FD /* nav-back-mini@2x.png */; };
		6A5C5F3316A133760032D7FD /* nav-back.png in Resources */ = {isa = PBXBuildFile; fileRef = 6A5C5F1F16A133760032D7FD /* nav-back.png */; };
		6A5C5F3416A133760032D7FD /* nav-back@2x.png in Resources */ = {isa = PBXBuildFile; fileRef = 6A5C5F2016A133760032D7FD /* nav-back@2x.png */; };
		6A5C5F3516A133760032D7FD /* nav-background-mini.png in Resources */ = {isa = PBXBuildFile; fileRef = 6A5C5F2116A133760032D7FD /* nav-background-mini.png */; };
		6A5C5F3616A133760032D7FD /* nav-background-mini@2x.png in Resources */ = {isa = PBXBuildFile; fileRef = 6A5C5F2216A133760032D7FD /* nav-background-mini@2x.png */; };
		6A5C5F3716A133760032D7FD /* nav-background.png in Resources */ = {isa = PBXBuildFile; fileRef = 6A5C5F2316A133760032D7FD /* nav-background.png */; };
		6A5C5F3816A133760032D7FD /* nav-background@2x.png in Resources */ = {isa = PBXBuildFile; fileRef = 6A5C5F2416A133760032D7FD /* nav-background@2x.png */; };
		6A5C5F3916A133760032D7FD /* nav-button-highlighted.png in Resources */ = {isa = PBXBuildFile; fileRef = 6A5C5F2516A133760032D7FD /* nav-button-highlighted.png */; };
		6A5C5F3A16A133760032D7FD /* nav-button-highlighted@2x.png in Resources */ = {isa = PBXBuildFile; fileRef = 6A5C5F2616A133760032D7FD /* nav-button-highlighted@2x.png */; };
		6A5C5F3B16A133760032D7FD /* nav-button-mini-highlighted.png in Resources */ = {isa = PBXBuildFile; fileRef = 6A5C5F2716A133760032D7FD /* nav-button-mini-highlighted.png */; };
		6A5C5F3C16A133760032D7FD /* nav-button-mini-highlighted@2x.png in Resources */ = {isa = PBXBuildFile; fileRef = 6A5C5F2816A133760032D7FD /* nav-button-mini-highlighted@2x.png */; };
		6A5C5F3D16A133760032D7FD /* nav-button-mini.png in Resources */ = {isa = PBXBuildFile; fileRef = 6A5C5F2916A133760032D7FD /* nav-button-mini.png */; };
		6A5C5F3E16A133760032D7FD /* nav-button-mini@2x.png in Resources */ = {isa = PBXBuildFile; fileRef = 6A5C5F2A16A133760032D7FD /* nav-button-mini@2x.png */; };
		6A5C5F3F16A133760032D7FD /* nav-button.png in Resources */ = {isa = PBXBuildFile; fileRef = 6A5C5F2B16A133760032D7FD /* nav-button.png */; };
		6A5C5F4016A133760032D7FD /* nav-button@2x.png in Resources */ = {isa = PBXBuildFile; fileRef = 6A5C5F2C16A133760032D7FD /* nav-button@2x.png */; };
		6A8A96F516861B9C00C285BE /* FLFreelancersController.m in Sources */ = {isa = PBXBuildFile; fileRef = 6A8A96F416861B9C00C285BE /* FLFreelancersController.m */; };
		6A8A96F816863A7900C285BE /* FLFreelancerController.m in Sources */ = {isa = PBXBuildFile; fileRef = 6A8A96F716863A7800C285BE /* FLFreelancerController.m */; };
		6A8A97101686F36100C285BE /* FLContact.m in Sources */ = {isa = PBXBuildFile; fileRef = 6A8A970F1686F36100C285BE /* FLContact.m */; };
		6A8F515B1684EDF200AD0CC2 /* FLFreelancer.m in Sources */ = {isa = PBXBuildFile; fileRef = 6A8F515A1684EDF200AD0CC2 /* FLFreelancer.m */; };
		6A8F515E168572F100AD0CC2 /* FLFreelancerCell.xib in Resources */ = {isa = PBXBuildFile; fileRef = 6A8F515D168572F100AD0CC2 /* FLFreelancerCell.xib */; };
		6AA0AA191697F8DE00FE28E3 /* FLContactButton.m in Sources */ = {isa = PBXBuildFile; fileRef = 6AA0AA141697F8DE00FE28E3 /* FLContactButton.m */; };
		6AA0AA1A1697F8DE00FE28E3 /* UIRender.m in Sources */ = {isa = PBXBuildFile; fileRef = 6AA0AA161697F8DE00FE28E3 /* UIRender.m */; };
		6AA0AA1B1697F8DE00FE28E3 /* UIStyle.m in Sources */ = {isa = PBXBuildFile; fileRef = 6AA0AA181697F8DE00FE28E3 /* UIStyle.m */; };
		6AA0AA3B1697FE7D00FE28E3 /* blackButton.png in Resources */ = {isa = PBXBuildFile; fileRef = 6AA0AA1E1697FE7D00FE28E3 /* blackButton.png */; };
		6AA0AA3C1697FE7D00FE28E3 /* blackButton@2x.png in Resources */ = {isa = PBXBuildFile; fileRef = 6AA0AA1F1697FE7D00FE28E3 /* blackButton@2x.png */; };
		6AA0AA3D1697FE7D00FE28E3 /* blackButtonHighlight.png in Resources */ = {isa = PBXBuildFile; fileRef = 6AA0AA201697FE7D00FE28E3 /* blackButtonHighlight.png */; };
		6AA0AA3E1697FE7D00FE28E3 /* blackButtonHighlight@2x.png in Resources */ = {isa = PBXBuildFile; fileRef = 6AA0AA211697FE7D00FE28E3 /* blackButtonHighlight@2x.png */; };
		6AA0AA3F1697FE7D00FE28E3 /* blueButton.png in Resources */ = {isa = PBXBuildFile; fileRef = 6AA0AA221697FE7D00FE28E3 /* blueButton.png */; };
		6AA0AA401697FE7D00FE28E3 /* blueButton@2x.png in Resources */ = {isa = PBXBuildFile; fileRef = 6AA0AA231697FE7D00FE28E3 /* blueButton@2x.png */; };
		6AA0AA411697FE7D00FE28E3 /* blueButtonHighlight.png in Resources */ = {isa = PBXBuildFile; fileRef = 6AA0AA241697FE7D00FE28E3 /* blueButtonHighlight.png */; };
		6AA0AA421697FE7D00FE28E3 /* blueButtonHighlight@2x.png in Resources */ = {isa = PBXBuildFile; fileRef = 6AA0AA251697FE7D00FE28E3 /* blueButtonHighlight@2x.png */; };
		6AA0AA431697FE7D00FE28E3 /* greenButton.png in Resources */ = {isa = PBXBuildFile; fileRef = 6AA0AA261697FE7D00FE28E3 /* greenButton.png */; };
		6AA0AA441697FE7D00FE28E3 /* greenButton@2x.png in Resources */ = {isa = PBXBuildFile; fileRef = 6AA0AA271697FE7D00FE28E3 /* greenButton@2x.png */; };
		6AA0AA451697FE7D00FE28E3 /* greenButtonHighlight.png in Resources */ = {isa = PBXBuildFile; fileRef = 6AA0AA281697FE7D00FE28E3 /* greenButtonHighlight.png */; };
		6AA0AA461697FE7D00FE28E3 /* greenButtonHighlight@2x.png in Resources */ = {isa = PBXBuildFile; fileRef = 6AA0AA291697FE7D00FE28E3 /* greenButtonHighlight@2x.png */; };
		6AA0AA471697FE7D00FE28E3 /* greyButton.png in Resources */ = {isa = PBXBuildFile; fileRef = 6AA0AA2A1697FE7D00FE28E3 /* greyButton.png */; };
		6AA0AA481697FE7D00FE28E3 /* greyButton@2x.png in Resources */ = {isa = PBXBuildFile; fileRef = 6AA0AA2B1697FE7D00FE28E3 /* greyButton@2x.png */; };
		6AA0AA491697FE7D00FE28E3 /* greyButton@2xpng in Resources */ = {isa = PBXBuildFile; fileRef = 6AA0AA2C1697FE7D00FE28E3 /* greyButton@2xpng */; };
		6AA0AA4A1697FE7D00FE28E3 /* greyButtonHighlight.png in Resources */ = {isa = PBXBuildFile; fileRef = 6AA0AA2D1697FE7D00FE28E3 /* greyButtonHighlight.png */; };
		6AA0AA4B1697FE7D00FE28E3 /* greyButtonHighlight@2x.png in Resources */ = {isa = PBXBuildFile; fileRef = 6AA0AA2E1697FE7D00FE28E3 /* greyButtonHighlight@2x.png */; };
		6AA0AA4C1697FE7D00FE28E3 /* orangeButton.png in Resources */ = {isa = PBXBuildFile; fileRef = 6AA0AA2F1697FE7D00FE28E3 /* orangeButton.png */; };
		6AA0AA4D1697FE7D00FE28E3 /* orangeButton@2x.png in Resources */ = {isa = PBXBuildFile; fileRef = 6AA0AA301697FE7D00FE28E3 /* orangeButton@2x.png */; };
		6AA0AA4E1697FE7D00FE28E3 /* orangeButtonHighlight.png in Resources */ = {isa = PBXBuildFile; fileRef = 6AA0AA311697FE7D00FE28E3 /* orangeButtonHighlight.png */; };
		6AA0AA4F1697FE7D00FE28E3 /* orangeButtonHighlight@2x.png in Resources */ = {isa = PBXBuildFile; fileRef = 6AA0AA321697FE7D00FE28E3 /* orangeButtonHighlight@2x.png */; };
		6AA0AA501697FE7D00FE28E3 /* tanButton.png in Resources */ = {isa = PBXBuildFile; fileRef = 6AA0AA331697FE7D00FE28E3 /* tanButton.png */; };
		6AA0AA511697FE7D00FE28E3 /* tanButton@2x.png in Resources */ = {isa = PBXBuildFile; fileRef = 6AA0AA341697FE7D00FE28E3 /* tanButton@2x.png */; };
		6AA0AA521697FE7D00FE28E3 /* tanButtonHighlight.png in Resources */ = {isa = PBXBuildFile; fileRef = 6AA0AA351697FE7D00FE28E3 /* tanButtonHighlight.png */; };
		6AA0AA531697FE7D00FE28E3 /* tanButtonHighlight@2x.png in Resources */ = {isa = PBXBuildFile; fileRef = 6AA0AA361697FE7D00FE28E3 /* tanButtonHighlight@2x.png */; };
		6AA0AA541697FE7D00FE28E3 /* whiteButton.png in Resources */ = {isa = PBXBuildFile; fileRef = 6AA0AA371697FE7D00FE28E3 /* whiteButton.png */; };
		6AA0AA551697FE7D00FE28E3 /* whiteButton@2x.png in Resources */ = {isa = PBXBuildFile; fileRef = 6AA0AA381697FE7D00FE28E3 /* whiteButton@2x.png */; };
		6AA0AA561697FE7D00FE28E3 /* whiteButtonHighlight.png in Resources */ = {isa = PBXBuildFile; fileRef = 6AA0AA391697FE7D00FE28E3 /* whiteButtonHighlight.png */; };
		6AA0AA571697FE7D00FE28E3 /* whiteButtonHighlight@2x.png in Resources */ = {isa = PBXBuildFile; fileRef = 6AA0AA3A1697FE7D00FE28E3 /* whiteButtonHighlight@2x.png */; };
		6AA0AA601697FF6800FE28E3 /* 0299.png in Resources */ = {isa = PBXBuildFile; fileRef = 6AA0AA581697FF6800FE28E3 /* 0299.png */; };
		6AA0AA611697FF6800FE28E3 /* 0260.png in Resources */ = {isa = PBXBuildFile; fileRef = 6AA0AA591697FF6800FE28E3 /* 0260.png */; };
		6AA0AA621697FF6800FE28E3 /* 0089.png in Resources */ = {isa = PBXBuildFile; fileRef = 6AA0AA5A1697FF6800FE28E3 /* 0089.png */; };
		6AA0AA631697FF6800FE28E3 /* 0011.png in Resources */ = {isa = PBXBuildFile; fileRef = 6AA0AA5B1697FF6800FE28E3 /* 0011.png */; };
		6AA0AA641697FF6800FE28E3 /* 0299@2x.png in Resources */ = {isa = PBXBuildFile; fileRef = 6AA0AA5C1697FF6800FE28E3 /* 0299@2x.png */; };
		6AA0AA651697FF6800FE28E3 /* 0260@2x.png in Resources */ = {isa = PBXBuildFile; fileRef = 6AA0AA5D1697FF6800FE28E3 /* 0260@2x.png */; };
		6AA0AA661697FF6800FE28E3 /* 0089@2x.png in Resources */ = {isa = PBXBuildFile; fileRef = 6AA0AA5E1697FF6800FE28E3 /* 0089@2x.png */; };
		6AA0AA671697FF6800FE28E3 /* 0011@2x.png in Resources */ = {isa = PBXBuildFile; fileRef = 6AA0AA5F1697FF6800FE28E3 /* 0011@2x.png */; };
		6AED8737167D9B3500EBC6CD /* CoreImage.framework in Frameworks */ = {isa = PBXBuildFile; fileRef = 6AED8736167D9B3500EBC6CD /* CoreImage.framework */; };
		6AED873A167D9B3B00EBC6CD /* QuartzCore.framework in Frameworks */ = {isa = PBXBuildFile; fileRef = 6AED8739167D9B3B00EBC6CD /* QuartzCore.framework */; };
		6D1A659EDAF44F38BE9E013F /* libPods.a in Frameworks */ = {isa = PBXBuildFile; fileRef = 41AF178834E54C6E9830FDCB /* libPods.a */; };
		8B147301169E967B00AD7027 /* FLManagedFreelancer.m in Sources */ = {isa = PBXBuildFile; fileRef = 8B147300169E967B00AD7027 /* FLManagedFreelancer.m */; };
		8B147308169EBA6300AD7027 /* FLManagedTask.m in Sources */ = {isa = PBXBuildFile; fileRef = 8B147307169EBA6300AD7027 /* FLManagedTask.m */; };
		8B14730B169EBC3C00AD7027 /* FLManagedTag.m in Sources */ = {isa = PBXBuildFile; fileRef = 8B14730A169EBC3C00AD7027 /* FLManagedTag.m */; };
		8B14730E169EBE5300AD7027 /* FLFavouriteDeleteButton.m in Sources */ = {isa = PBXBuildFile; fileRef = 8B14730D169EBE5300AD7027 /* FLFavouriteDeleteButton.m */; };
		8B147311169EDA5B00AD7027 /* task.png in Resources */ = {isa = PBXBuildFile; fileRef = 8B147310169EDA5B00AD7027 /* task.png */; };
		8B68D639169E7DE2009FE17A /* FavouriteCell.xib in Resources */ = {isa = PBXBuildFile; fileRef = 8B68D638169E7DE2009FE17A /* FavouriteCell.xib */; };
		8B68D63D169E8272009FE17A /* FLFavouritesController.m in Sources */ = {isa = PBXBuildFile; fileRef = 8B68D63C169E8272009FE17A /* FLFavouritesController.m */; };
		8B9CEE9B169D85C400620749 /* DataStore.xcdatamodeld in Sources */ = {isa = PBXBuildFile; fileRef = 8B9CEE99169D85C400620749 /* DataStore.xcdatamodeld */; };
		8B9CEEA3169E688000620749 /* CoreData.framework in Frameworks */ = {isa = PBXBuildFile; fileRef = 8B9CEEA2169E688000620749 /* CoreData.framework */; };
		8B9CEEB2169E6C6100620749 /* FLValueTransformer.m in Sources */ = {isa = PBXBuildFile; fileRef = 8B9CEEB1169E6C6100620749 /* FLValueTransformer.m */; };
		8BA6342D16A0074100BF14F2 /* star_off.png in Resources */ = {isa = PBXBuildFile; fileRef = 8BA6342916A0074100BF14F2 /* star_off.png */; };
		8BA6342E16A0074100BF14F2 /* star_off@2x.png in Resources */ = {isa = PBXBuildFile; fileRef = 8BA6342A16A0074100BF14F2 /* star_off@2x.png */; };
		8BA6342F16A0074100BF14F2 /* star_on.png in Resources */ = {isa = PBXBuildFile; fileRef = 8BA6342B16A0074100BF14F2 /* star_on.png */; };
		8BA6343016A0074100BF14F2 /* star_on@2x.png in Resources */ = {isa = PBXBuildFile; fileRef = 8BA6342C16A0074100BF14F2 /* star_on@2x.png */; };
		8BA6343416A00FF400BF14F2 /* FLFirstFavoritesCreator.m in Sources */ = {isa = PBXBuildFile; fileRef = 8BA6343316A00FF400BF14F2 /* FLFirstFavoritesCreator.m */; };
		8BA6343716A01B9300BF14F2 /* 0017.png in Resources */ = {isa = PBXBuildFile; fileRef = 8BA6343516A01B9300BF14F2 /* 0017.png */; };
		8BA6343816A01B9300BF14F2 /* 0017@2x.png in Resources */ = {isa = PBXBuildFile; fileRef = 8BA6343616A01B9300BF14F2 /* 0017@2x.png */; };
		8BA6343C16A01CF100BF14F2 /* FLAboutController.m in Sources */ = {isa = PBXBuildFile; fileRef = 8BA6343B16A01CF100BF14F2 /* FLAboutController.m */; };
		A415B449167EE914002FFC83 /* FLTaskController.m in Sources */ = {isa = PBXBuildFile; fileRef = A415B448167EE914002FFC83 /* FLTaskController.m */; };
		A429B363167F3B0C00078D1E /* 0012.png in Resources */ = {isa = PBXBuildFile; fileRef = A429B35D167F3B0C00078D1E /* 0012.png */; };
		A429B364167F3B0C00078D1E /* 0012@2x.png in Resources */ = {isa = PBXBuildFile; fileRef = A429B35E167F3B0C00078D1E /* 0012@2x.png */; };
		A429B365167F3B0C00078D1E /* 0053.png in Resources */ = {isa = PBXBuildFile; fileRef = A429B35F167F3B0C00078D1E /* 0053.png */; };
		A429B366167F3B0C00078D1E /* 0053@2x.png in Resources */ = {isa = PBXBuildFile; fileRef = A429B360167F3B0C00078D1E /* 0053@2x.png */; };
		A429B367167F3B0C00078D1E /* 0220.png in Resources */ = {isa = PBXBuildFile; fileRef = A429B361167F3B0C00078D1E /* 0220.png */; };
		A429B368167F3B0C00078D1E /* 0220@2x.png in Resources */ = {isa = PBXBuildFile; fileRef = A429B362167F3B0C00078D1E /* 0220@2x.png */; };
		A46E89BA16A0245B00FD0048 /* ISRefresgControlIcon.png in Resources */ = {isa = PBXBuildFile; fileRef = A46E89B016A0245B00FD0048 /* ISRefresgControlIcon.png */; };
		A46E89BB16A0245B00FD0048 /* ISRefresgControlIcon@2x.png in Resources */ = {isa = PBXBuildFile; fileRef = A46E89B116A0245B00FD0048 /* ISRefresgControlIcon@2x.png */; };
		A46E89BC16A0245B00FD0048 /* ISGumView.m in Sources */ = {isa = PBXBuildFile; fileRef = A46E89B316A0245B00FD0048 /* ISGumView.m */; };
		A46E89BD16A0245B00FD0048 /* ISRefreshControl.m in Sources */ = {isa = PBXBuildFile; fileRef = A46E89B516A0245B00FD0048 /* ISRefreshControl.m */; };
		A46E89BE16A0245B00FD0048 /* ISUtility.m in Sources */ = {isa = PBXBuildFile; fileRef = A46E89B716A0245B00FD0048 /* ISUtility.m */; };
		A46E89BF16A0245B00FD0048 /* UITableViewController+RefreshControl.m in Sources */ = {isa = PBXBuildFile; fileRef = A46E89B916A0245B00FD0048 /* UITableViewController+RefreshControl.m */; };
/* End PBXBuildFile section */

/* Begin PBXContainerItemProxy section */
		6A529B15167A47AF009A1CCB /* PBXContainerItemProxy */ = {
			isa = PBXContainerItemProxy;
			containerPortal = 6A529AD5167A47AF009A1CCB /* Project object */;
			proxyType = 1;
			remoteGlobalIDString = 6A529ADD167A47AF009A1CCB;
			remoteInfo = "freelansim-client";
		};
/* End PBXContainerItemProxy section */

/* Begin PBXFileReference section */
		41AF178834E54C6E9830FDCB /* libPods.a */ = {isa = PBXFileReference; explicitFileType = archive.ar; includeInIndex = 0; path = libPods.a; sourceTree = BUILT_PRODUCTS_DIR; };
		6A1AE72A167DB5C8005DE0E5 /* FLHTTPClient.h */ = {isa = PBXFileReference; fileEncoding = 4; lastKnownFileType = sourcecode.c.h; name = FLHTTPClient.h; path = Classes/FLHTTPClient.h; sourceTree = "<group>"; };
		6A1AE72B167DB5C8005DE0E5 /* FLHTTPClient.m */ = {isa = PBXFileReference; fileEncoding = 4; lastKnownFileType = sourcecode.c.objc; name = FLHTTPClient.m; path = Classes/FLHTTPClient.m; sourceTree = "<group>"; };
		6A1AE735167DCB6A005DE0E5 /* FLTask.h */ = {isa = PBXFileReference; fileEncoding = 4; lastKnownFileType = sourcecode.c.h; name = FLTask.h; path = Classes/Models/FLTask.h; sourceTree = "<group>"; };
		6A1AE736167DCB6A005DE0E5 /* FLTask.m */ = {isa = PBXFileReference; fileEncoding = 4; lastKnownFileType = sourcecode.c.objc; name = FLTask.m; path = Classes/Models/FLTask.m; sourceTree = "<group>"; };
		6A1AE742167DD022005DE0E5 /* FLHTMLParser.h */ = {isa = PBXFileReference; fileEncoding = 4; lastKnownFileType = sourcecode.c.h; name = FLHTMLParser.h; path = Classes/FLHTMLParser.h; sourceTree = "<group>"; };
		6A1AE743167DD022005DE0E5 /* FLHTMLParser.m */ = {isa = PBXFileReference; fileEncoding = 4; lastKnownFileType = sourcecode.c.objc; name = FLHTMLParser.m; path = Classes/FLHTMLParser.m; sourceTree = "<group>"; };
		6A1AE745167E11FE005DE0E5 /* FLDefines.h */ = {isa = PBXFileReference; fileEncoding = 4; lastKnownFileType = sourcecode.c.h; name = FLDefines.h; path = Classes/FLDefines.h; sourceTree = "<group>"; };
		6A1AE746167E11FF005DE0E5 /* FLDefines.m */ = {isa = PBXFileReference; fileEncoding = 4; lastKnownFileType = sourcecode.c.objc; name = FLDefines.m; path = Classes/FLDefines.m; sourceTree = "<group>"; };
		6A1AE74A167E12B6005DE0E5 /* FLBaseController.h */ = {isa = PBXFileReference; fileEncoding = 4; lastKnownFileType = sourcecode.c.h; name = FLBaseController.h; path = Classes/Controllers/FLBaseController.h; sourceTree = "<group>"; };
		6A1AE74B167E12B6005DE0E5 /* FLBaseController.m */ = {isa = PBXFileReference; fileEncoding = 4; lastKnownFileType = sourcecode.c.objc; name = FLBaseController.m; path = Classes/Controllers/FLBaseController.m; sourceTree = "<group>"; };
		6A1AE74D167E12D1005DE0E5 /* FLTasksController.h */ = {isa = PBXFileReference; fileEncoding = 4; lastKnownFileType = sourcecode.c.h; name = FLTasksController.h; path = Classes/Controllers/FLTasksController.h; sourceTree = "<group>"; };
		6A1AE74E167E12D1005DE0E5 /* FLTasksController.m */ = {isa = PBXFileReference; fileEncoding = 4; lastKnownFileType = sourcecode.c.objc; name = FLTasksController.m; path = Classes/Controllers/FLTasksController.m; sourceTree = "<group>"; };
		6A1AE751167E1335005DE0E5 /* FLTaskCell.xib */ = {isa = PBXFileReference; fileEncoding = 4; lastKnownFileType = file.xib; path = FLTaskCell.xib; sourceTree = "<group>"; };
		6A1AE75A167E18CD005DE0E5 /* LoadingCell.xib */ = {isa = PBXFileReference; fileEncoding = 4; lastKnownFileType = file.xib; path = LoadingCell.xib; sourceTree = "<group>"; };
		6A1AE75C167E1908005DE0E5 /* FLEmptyCell.xib */ = {isa = PBXFileReference; fileEncoding = 4; lastKnownFileType = file.xib; path = FLEmptyCell.xib; sourceTree = "<group>"; };
		6A1F1B6A16A1489E00712924 /* UIColor+FreelansimAdditions.h */ = {isa = PBXFileReference; fileEncoding = 4; lastKnownFileType = sourcecode.c.h; path = "UIColor+FreelansimAdditions.h"; sourceTree = "<group>"; };
		6A1F1B6B16A1489E00712924 /* UIColor+FreelansimAdditions.m */ = {isa = PBXFileReference; fileEncoding = 4; lastKnownFileType = sourcecode.c.objc; path = "UIColor+FreelansimAdditions.m"; sourceTree = "<group>"; };
		6A1F1B7516A151FB00712924 /* grey@2x.png */ = {isa = PBXFileReference; lastKnownFileType = image.png; name = "grey@2x.png"; path = "Resources/grey@2x.png"; sourceTree = "<group>"; };
		6A1F1B7616A151FB00712924 /* grey.png */ = {isa = PBXFileReference; lastKnownFileType = image.png; name = grey.png; path = Resources/grey.png; sourceTree = "<group>"; };
		6A1F1B7916A1557C00712924 /* Icon.png */ = {isa = PBXFileReference; lastKnownFileType = image.png; path = Icon.png; sourceTree = "<group>"; };
		6A1F1B7B16A1558100712924 /* Icon@2x.png */ = {isa = PBXFileReference; lastKnownFileType = image.png; path = "Icon@2x.png"; sourceTree = "<group>"; };
		6A2677821680877800F178E7 /* FLHTMLUtils.h */ = {isa = PBXFileReference; fileEncoding = 4; lastKnownFileType = sourcecode.c.h; name = FLHTMLUtils.h; path = Classes/Utils/FLHTMLUtils.h; sourceTree = "<group>"; };
		6A2677831680877800F178E7 /* FLHTMLUtils.m */ = {isa = PBXFileReference; fileEncoding = 4; lastKnownFileType = sourcecode.c.objc; name = FLHTMLUtils.m; path = Classes/Utils/FLHTMLUtils.m; sourceTree = "<group>"; };
		6A26778D16809CCB00F178E7 /* DWTagList.h */ = {isa = PBXFileReference; fileEncoding = 4; lastKnownFileType = sourcecode.c.h; path = DWTagList.h; sourceTree = "<group>"; };
		6A26778E16809CCB00F178E7 /* DWTagList.m */ = {isa = PBXFileReference; fileEncoding = 4; lastKnownFileType = sourcecode.c.objc; path = DWTagList.m; sourceTree = "<group>"; };
		6A2677991680A1AF00F178E7 /* FLCategoriesController.h */ = {isa = PBXFileReference; fileEncoding = 4; lastKnownFileType = sourcecode.c.h; name = FLCategoriesController.h; path = Classes/Controllers/FLCategoriesController.h; sourceTree = "<group>"; };
		6A26779A1680A1AF00F178E7 /* FLCategoriesController.m */ = {isa = PBXFileReference; fileEncoding = 4; lastKnownFileType = sourcecode.c.objc; name = FLCategoriesController.m; path = Classes/Controllers/FLCategoriesController.m; sourceTree = "<group>"; };
		6A26779C1680A32300F178E7 /* FLCategory.h */ = {isa = PBXFileReference; fileEncoding = 4; lastKnownFileType = sourcecode.c.h; name = FLCategory.h; path = Classes/Models/FLCategory.h; sourceTree = "<group>"; };
		6A26779D1680A32300F178E7 /* FLCategory.m */ = {isa = PBXFileReference; fileEncoding = 4; lastKnownFileType = sourcecode.c.objc; name = FLCategory.m; path = Classes/Models/FLCategory.m; sourceTree = "<group>"; };
		6A26779F1680AAE800F178E7 /* CategoryCell.xib */ = {isa = PBXFileReference; fileEncoding = 4; lastKnownFileType = file.xib; path = CategoryCell.xib; sourceTree = "<group>"; };
		6A529ADE167A47AF009A1CCB /* freelansim-client.app */ = {isa = PBXFileReference; explicitFileType = wrapper.application; includeInIndex = 0; path = "freelansim-client.app"; sourceTree = BUILT_PRODUCTS_DIR; };
		6A529AE2167A47AF009A1CCB /* UIKit.framework */ = {isa = PBXFileReference; includeInIndex = 1; lastKnownFileType = wrapper.framework; name = UIKit.framework; path = System/Library/Frameworks/UIKit.framework; sourceTree = SDKROOT; };
		6A529AE4167A47AF009A1CCB /* Foundation.framework */ = {isa = PBXFileReference; includeInIndex = 1; lastKnownFileType = wrapper.framework; name = Foundation.framework; path = System/Library/Frameworks/Foundation.framework; sourceTree = SDKROOT; };
		6A529AE6167A47AF009A1CCB /* CoreGraphics.framework */ = {isa = PBXFileReference; includeInIndex = 1; lastKnownFileType = wrapper.framework; name = CoreGraphics.framework; path = System/Library/Frameworks/CoreGraphics.framework; sourceTree = SDKROOT; };
		6A529AEA167A47AF009A1CCB /* freelansim-client-Info.plist */ = {isa = PBXFileReference; lastKnownFileType = text.plist.xml; path = "freelansim-client-Info.plist"; sourceTree = "<group>"; };
		6A529AEC167A47AF009A1CCB /* en */ = {isa = PBXFileReference; lastKnownFileType = text.plist.strings; name = en; path = en.lproj/InfoPlist.strings; sourceTree = "<group>"; };
		6A529AEE167A47AF009A1CCB /* main.m */ = {isa = PBXFileReference; lastKnownFileType = sourcecode.c.objc; path = main.m; sourceTree = "<group>"; };
		6A529AF0167A47AF009A1CCB /* freelansim-client-Prefix.pch */ = {isa = PBXFileReference; lastKnownFileType = sourcecode.c.h; path = "freelansim-client-Prefix.pch"; sourceTree = "<group>"; };
		6A529AF1167A47AF009A1CCB /* KKAppDelegate.h */ = {isa = PBXFileReference; lastKnownFileType = sourcecode.c.h; path = KKAppDelegate.h; sourceTree = "<group>"; };
		6A529AF2167A47AF009A1CCB /* KKAppDelegate.m */ = {isa = PBXFileReference; lastKnownFileType = sourcecode.c.objc; path = KKAppDelegate.m; sourceTree = "<group>"; };
		6A529AF4167A47AF009A1CCB /* Default.png */ = {isa = PBXFileReference; lastKnownFileType = image.png; path = Default.png; sourceTree = "<group>"; };
		6A529AF6167A47AF009A1CCB /* Default@2x.png */ = {isa = PBXFileReference; lastKnownFileType = image.png; path = "Default@2x.png"; sourceTree = "<group>"; };
		6A529AF8167A47AF009A1CCB /* Default-568h@2x.png */ = {isa = PBXFileReference; lastKnownFileType = image.png; path = "Default-568h@2x.png"; sourceTree = "<group>"; };
		6A529AFB167A47AF009A1CCB /* en */ = {isa = PBXFileReference; lastKnownFileType = file.storyboard; name = en; path = en.lproj/MainStoryboard.storyboard; sourceTree = "<group>"; };
		6A529B10167A47AF009A1CCB /* freelansim-clientTests.octest */ = {isa = PBXFileReference; explicitFileType = wrapper.cfbundle; includeInIndex = 0; path = "freelansim-clientTests.octest"; sourceTree = BUILT_PRODUCTS_DIR; };
		6A529B11167A47AF009A1CCB /* SenTestingKit.framework */ = {isa = PBXFileReference; lastKnownFileType = wrapper.framework; name = SenTestingKit.framework; path = Library/Frameworks/SenTestingKit.framework; sourceTree = DEVELOPER_DIR; };
		6A529B19167A47AF009A1CCB /* freelansim-clientTests-Info.plist */ = {isa = PBXFileReference; lastKnownFileType = text.plist.xml; path = "freelansim-clientTests-Info.plist"; sourceTree = "<group>"; };
		6A529B1B167A47AF009A1CCB /* en */ = {isa = PBXFileReference; lastKnownFileType = text.plist.strings; name = en; path = en.lproj/InfoPlist.strings; sourceTree = "<group>"; };
		6A529B1D167A47AF009A1CCB /* freelansim_clientTests.h */ = {isa = PBXFileReference; lastKnownFileType = sourcecode.c.h; path = freelansim_clientTests.h; sourceTree = "<group>"; };
		6A529B1E167A47AF009A1CCB /* freelansim_clientTests.m */ = {isa = PBXFileReference; lastKnownFileType = sourcecode.c.objc; path = freelansim_clientTests.m; sourceTree = "<group>"; };
		6A5C5F1916A133760032D7FD /* nav-back-highlighted.png */ = {isa = PBXFileReference; lastKnownFileType = image.png; path = "nav-back-highlighted.png"; sourceTree = "<group>"; };
		6A5C5F1A16A133760032D7FD /* nav-back-highlighted@2x.png */ = {isa = PBXFileReference; lastKnownFileType = image.png; path = "nav-back-highlighted@2x.png"; sourceTree = "<group>"; };
		6A5C5F1B16A133760032D7FD /* nav-back-mini-highlighted.png */ = {isa = PBXFileReference; lastKnownFileType = image.png; path = "nav-back-mini-highlighted.png"; sourceTree = "<group>"; };
		6A5C5F1C16A133760032D7FD /* nav-back-mini-highlighted@2x.png */ = {isa = PBXFileReference; lastKnownFileType = image.png; path = "nav-back-mini-highlighted@2x.png"; sourceTree = "<group>"; };
		6A5C5F1D16A133760032D7FD /* nav-back-mini.png */ = {isa = PBXFileReference; lastKnownFileType = image.png; path = "nav-back-mini.png"; sourceTree = "<group>"; };
		6A5C5F1E16A133760032D7FD /* nav-back-mini@2x.png */ = {isa = PBXFileReference; lastKnownFileType = image.png; path = "nav-back-mini@2x.png"; sourceTree = "<group>"; };
		6A5C5F1F16A133760032D7FD /* nav-back.png */ = {isa = PBXFileReference; lastKnownFileType = image.png; path = "nav-back.png"; sourceTree = "<group>"; };
		6A5C5F2016A133760032D7FD /* nav-back@2x.png */ = {isa = PBXFileReference; lastKnownFileType = image.png; path = "nav-back@2x.png"; sourceTree = "<group>"; };
		6A5C5F2116A133760032D7FD /* nav-background-mini.png */ = {isa = PBXFileReference; lastKnownFileType = image.png; path = "nav-background-mini.png"; sourceTree = "<group>"; };
		6A5C5F2216A133760032D7FD /* nav-background-mini@2x.png */ = {isa = PBXFileReference; lastKnownFileType = image.png; path = "nav-background-mini@2x.png"; sourceTree = "<group>"; };
		6A5C5F2316A133760032D7FD /* nav-background.png */ = {isa = PBXFileReference; lastKnownFileType = image.png; path = "nav-background.png"; sourceTree = "<group>"; };
		6A5C5F2416A133760032D7FD /* nav-background@2x.png */ = {isa = PBXFileReference; lastKnownFileType = image.png; path = "nav-background@2x.png"; sourceTree = "<group>"; };
		6A5C5F2516A133760032D7FD /* nav-button-highlighted.png */ = {isa = PBXFileReference; lastKnownFileType = image.png; path = "nav-button-highlighted.png"; sourceTree = "<group>"; };
		6A5C5F2616A133760032D7FD /* nav-button-highlighted@2x.png */ = {isa = PBXFileReference; lastKnownFileType = image.png; path = "nav-button-highlighted@2x.png"; sourceTree = "<group>"; };
		6A5C5F2716A133760032D7FD /* nav-button-mini-highlighted.png */ = {isa = PBXFileReference; lastKnownFileType = image.png; path = "nav-button-mini-highlighted.png"; sourceTree = "<group>"; };
		6A5C5F2816A133760032D7FD /* nav-button-mini-highlighted@2x.png */ = {isa = PBXFileReference; lastKnownFileType = image.png; path = "nav-button-mini-highlighted@2x.png"; sourceTree = "<group>"; };
		6A5C5F2916A133760032D7FD /* nav-button-mini.png */ = {isa = PBXFileReference; lastKnownFileType = image.png; path = "nav-button-mini.png"; sourceTree = "<group>"; };
		6A5C5F2A16A133760032D7FD /* nav-button-mini@2x.png */ = {isa = PBXFileReference; lastKnownFileType = image.png; path = "nav-button-mini@2x.png"; sourceTree = "<group>"; };
		6A5C5F2B16A133760032D7FD /* nav-button.png */ = {isa = PBXFileReference; lastKnownFileType = image.png; path = "nav-button.png"; sourceTree = "<group>"; };
		6A5C5F2C16A133760032D7FD /* nav-button@2x.png */ = {isa = PBXFileReference; lastKnownFileType = image.png; path = "nav-button@2x.png"; sourceTree = "<group>"; };
		6A8A96F316861B9C00C285BE /* FLFreelancersController.h */ = {isa = PBXFileReference; fileEncoding = 4; lastKnownFileType = sourcecode.c.h; name = FLFreelancersController.h; path = Classes/Controllers/Freelancers/FLFreelancersController.h; sourceTree = "<group>"; };
		6A8A96F416861B9C00C285BE /* FLFreelancersController.m */ = {isa = PBXFileReference; fileEncoding = 4; lastKnownFileType = sourcecode.c.objc; name = FLFreelancersController.m; path = Classes/Controllers/Freelancers/FLFreelancersController.m; sourceTree = "<group>"; };
		6A8A96F616863A7800C285BE /* FLFreelancerController.h */ = {isa = PBXFileReference; fileEncoding = 4; lastKnownFileType = sourcecode.c.h; name = FLFreelancerController.h; path = Classes/Controllers/Freelancers/FLFreelancerController.h; sourceTree = "<group>"; };
		6A8A96F716863A7800C285BE /* FLFreelancerController.m */ = {isa = PBXFileReference; fileEncoding = 4; lastKnownFileType = sourcecode.c.objc; name = FLFreelancerController.m; path = Classes/Controllers/Freelancers/FLFreelancerController.m; sourceTree = "<group>"; };
		6A8A970E1686F36100C285BE /* FLContact.h */ = {isa = PBXFileReference; fileEncoding = 4; lastKnownFileType = sourcecode.c.h; name = FLContact.h; path = Classes/Models/FLContact.h; sourceTree = "<group>"; };
		6A8A970F1686F36100C285BE /* FLContact.m */ = {isa = PBXFileReference; fileEncoding = 4; lastKnownFileType = sourcecode.c.objc; name = FLContact.m; path = Classes/Models/FLContact.m; sourceTree = "<group>"; };
		6A8F51591684EDF200AD0CC2 /* FLFreelancer.h */ = {isa = PBXFileReference; fileEncoding = 4; lastKnownFileType = sourcecode.c.h; name = FLFreelancer.h; path = Classes/Models/FLFreelancer.h; sourceTree = "<group>"; };
		6A8F515A1684EDF200AD0CC2 /* FLFreelancer.m */ = {isa = PBXFileReference; fileEncoding = 4; lastKnownFileType = sourcecode.c.objc; name = FLFreelancer.m; path = Classes/Models/FLFreelancer.m; sourceTree = "<group>"; };
		6A8F515D168572F100AD0CC2 /* FLFreelancerCell.xib */ = {isa = PBXFileReference; fileEncoding = 4; lastKnownFileType = file.xib; path = FLFreelancerCell.xib; sourceTree = "<group>"; };
		6A8F515F1685762C00AD0CC2 /* ru */ = {isa = PBXFileReference; lastKnownFileType = text.plist.strings; name = ru; path = ru.lproj/InfoPlist.strings; sourceTree = "<group>"; };
		6A8F51601685762C00AD0CC2 /* ru */ = {isa = PBXFileReference; lastKnownFileType = text.plist.strings; name = ru; path = ru.lproj/InfoPlist.strings; sourceTree = "<group>"; };
		6AA0AA131697F8DE00FE28E3 /* FLContactButton.h */ = {isa = PBXFileReference; fileEncoding = 4; lastKnownFileType = sourcecode.c.h; path = FLContactButton.h; sourceTree = "<group>"; };
		6AA0AA141697F8DE00FE28E3 /* FLContactButton.m */ = {isa = PBXFileReference; fileEncoding = 4; lastKnownFileType = sourcecode.c.objc; path = FLContactButton.m; sourceTree = "<group>"; };
		6AA0AA151697F8DE00FE28E3 /* UIRender.h */ = {isa = PBXFileReference; fileEncoding = 4; lastKnownFileType = sourcecode.c.h; path = UIRender.h; sourceTree = "<group>"; };
		6AA0AA161697F8DE00FE28E3 /* UIRender.m */ = {isa = PBXFileReference; fileEncoding = 4; lastKnownFileType = sourcecode.c.objc; path = UIRender.m; sourceTree = "<group>"; };
		6AA0AA171697F8DE00FE28E3 /* UIStyle.h */ = {isa = PBXFileReference; fileEncoding = 4; lastKnownFileType = sourcecode.c.h; path = UIStyle.h; sourceTree = "<group>"; };
		6AA0AA181697F8DE00FE28E3 /* UIStyle.m */ = {isa = PBXFileReference; fileEncoding = 4; lastKnownFileType = sourcecode.c.objc; path = UIStyle.m; sourceTree = "<group>"; };
		6AA0AA1E1697FE7D00FE28E3 /* blackButton.png */ = {isa = PBXFileReference; lastKnownFileType = image.png; path = blackButton.png; sourceTree = "<group>"; };
		6AA0AA1F1697FE7D00FE28E3 /* blackButton@2x.png */ = {isa = PBXFileReference; lastKnownFileType = image.png; path = "blackButton@2x.png"; sourceTree = "<group>"; };
		6AA0AA201697FE7D00FE28E3 /* blackButtonHighlight.png */ = {isa = PBXFileReference; lastKnownFileType = image.png; path = blackButtonHighlight.png; sourceTree = "<group>"; };
		6AA0AA211697FE7D00FE28E3 /* blackButtonHighlight@2x.png */ = {isa = PBXFileReference; lastKnownFileType = image.png; path = "blackButtonHighlight@2x.png"; sourceTree = "<group>"; };
		6AA0AA221697FE7D00FE28E3 /* blueButton.png */ = {isa = PBXFileReference; lastKnownFileType = image.png; path = blueButton.png; sourceTree = "<group>"; };
		6AA0AA231697FE7D00FE28E3 /* blueButton@2x.png */ = {isa = PBXFileReference; lastKnownFileType = image.png; path = "blueButton@2x.png"; sourceTree = "<group>"; };
		6AA0AA241697FE7D00FE28E3 /* blueButtonHighlight.png */ = {isa = PBXFileReference; lastKnownFileType = image.png; path = blueButtonHighlight.png; sourceTree = "<group>"; };
		6AA0AA251697FE7D00FE28E3 /* blueButtonHighlight@2x.png */ = {isa = PBXFileReference; lastKnownFileType = image.png; path = "blueButtonHighlight@2x.png"; sourceTree = "<group>"; };
		6AA0AA261697FE7D00FE28E3 /* greenButton.png */ = {isa = PBXFileReference; lastKnownFileType = image.png; path = greenButton.png; sourceTree = "<group>"; };
		6AA0AA271697FE7D00FE28E3 /* greenButton@2x.png */ = {isa = PBXFileReference; lastKnownFileType = image.png; path = "greenButton@2x.png"; sourceTree = "<group>"; };
		6AA0AA281697FE7D00FE28E3 /* greenButtonHighlight.png */ = {isa = PBXFileReference; lastKnownFileType = image.png; path = greenButtonHighlight.png; sourceTree = "<group>"; };
		6AA0AA291697FE7D00FE28E3 /* greenButtonHighlight@2x.png */ = {isa = PBXFileReference; lastKnownFileType = image.png; path = "greenButtonHighlight@2x.png"; sourceTree = "<group>"; };
		6AA0AA2A1697FE7D00FE28E3 /* greyButton.png */ = {isa = PBXFileReference; lastKnownFileType = image.png; path = greyButton.png; sourceTree = "<group>"; };
		6AA0AA2B1697FE7D00FE28E3 /* greyButton@2x.png */ = {isa = PBXFileReference; lastKnownFileType = image.png; path = "greyButton@2x.png"; sourceTree = "<group>"; };
		6AA0AA2C1697FE7D00FE28E3 /* greyButton@2xpng */ = {isa = PBXFileReference; lastKnownFileType = file; path = "greyButton@2xpng"; sourceTree = "<group>"; };
		6AA0AA2D1697FE7D00FE28E3 /* greyButtonHighlight.png */ = {isa = PBXFileReference; lastKnownFileType = image.png; path = greyButtonHighlight.png; sourceTree = "<group>"; };
		6AA0AA2E1697FE7D00FE28E3 /* greyButtonHighlight@2x.png */ = {isa = PBXFileReference; lastKnownFileType = image.png; path = "greyButtonHighlight@2x.png"; sourceTree = "<group>"; };
		6AA0AA2F1697FE7D00FE28E3 /* orangeButton.png */ = {isa = PBXFileReference; lastKnownFileType = image.png; path = orangeButton.png; sourceTree = "<group>"; };
		6AA0AA301697FE7D00FE28E3 /* orangeButton@2x.png */ = {isa = PBXFileReference; lastKnownFileType = image.png; path = "orangeButton@2x.png"; sourceTree = "<group>"; };
		6AA0AA311697FE7D00FE28E3 /* orangeButtonHighlight.png */ = {isa = PBXFileReference; lastKnownFileType = image.png; path = orangeButtonHighlight.png; sourceTree = "<group>"; };
		6AA0AA321697FE7D00FE28E3 /* orangeButtonHighlight@2x.png */ = {isa = PBXFileReference; lastKnownFileType = image.png; path = "orangeButtonHighlight@2x.png"; sourceTree = "<group>"; };
		6AA0AA331697FE7D00FE28E3 /* tanButton.png */ = {isa = PBXFileReference; lastKnownFileType = image.png; path = tanButton.png; sourceTree = "<group>"; };
		6AA0AA341697FE7D00FE28E3 /* tanButton@2x.png */ = {isa = PBXFileReference; lastKnownFileType = image.png; path = "tanButton@2x.png"; sourceTree = "<group>"; };
		6AA0AA351697FE7D00FE28E3 /* tanButtonHighlight.png */ = {isa = PBXFileReference; lastKnownFileType = image.png; path = tanButtonHighlight.png; sourceTree = "<group>"; };
		6AA0AA361697FE7D00FE28E3 /* tanButtonHighlight@2x.png */ = {isa = PBXFileReference; lastKnownFileType = image.png; path = "tanButtonHighlight@2x.png"; sourceTree = "<group>"; };
		6AA0AA371697FE7D00FE28E3 /* whiteButton.png */ = {isa = PBXFileReference; lastKnownFileType = image.png; path = whiteButton.png; sourceTree = "<group>"; };
		6AA0AA381697FE7D00FE28E3 /* whiteButton@2x.png */ = {isa = PBXFileReference; lastKnownFileType = image.png; path = "whiteButton@2x.png"; sourceTree = "<group>"; };
		6AA0AA391697FE7D00FE28E3 /* whiteButtonHighlight.png */ = {isa = PBXFileReference; lastKnownFileType = image.png; path = whiteButtonHighlight.png; sourceTree = "<group>"; };
		6AA0AA3A1697FE7D00FE28E3 /* whiteButtonHighlight@2x.png */ = {isa = PBXFileReference; lastKnownFileType = image.png; path = "whiteButtonHighlight@2x.png"; sourceTree = "<group>"; };
		6AA0AA581697FF6800FE28E3 /* 0299.png */ = {isa = PBXFileReference; lastKnownFileType = image.png; path = 0299.png; sourceTree = "<group>"; };
		6AA0AA591697FF6800FE28E3 /* 0260.png */ = {isa = PBXFileReference; lastKnownFileType = image.png; path = 0260.png; sourceTree = "<group>"; };
		6AA0AA5A1697FF6800FE28E3 /* 0089.png */ = {isa = PBXFileReference; lastKnownFileType = image.png; path = 0089.png; sourceTree = "<group>"; };
		6AA0AA5B1697FF6800FE28E3 /* 0011.png */ = {isa = PBXFileReference; lastKnownFileType = image.png; path = 0011.png; sourceTree = "<group>"; };
		6AA0AA5C1697FF6800FE28E3 /* 0299@2x.png */ = {isa = PBXFileReference; lastKnownFileType = image.png; path = "0299@2x.png"; sourceTree = "<group>"; };
		6AA0AA5D1697FF6800FE28E3 /* 0260@2x.png */ = {isa = PBXFileReference; lastKnownFileType = image.png; path = "0260@2x.png"; sourceTree = "<group>"; };
		6AA0AA5E1697FF6800FE28E3 /* 0089@2x.png */ = {isa = PBXFileReference; lastKnownFileType = image.png; path = "0089@2x.png"; sourceTree = "<group>"; };
		6AA0AA5F1697FF6800FE28E3 /* 0011@2x.png */ = {isa = PBXFileReference; lastKnownFileType = image.png; path = "0011@2x.png"; sourceTree = "<group>"; };
		6AED8736167D9B3500EBC6CD /* CoreImage.framework */ = {isa = PBXFileReference; includeInIndex = 1; lastKnownFileType = wrapper.framework; name = CoreImage.framework; path = System/Library/Frameworks/CoreImage.framework; sourceTree = SDKROOT; };
		6AED8739167D9B3B00EBC6CD /* QuartzCore.framework */ = {isa = PBXFileReference; includeInIndex = 1; lastKnownFileType = wrapper.framework; name = QuartzCore.framework; path = System/Library/Frameworks/QuartzCore.framework; sourceTree = SDKROOT; };
		8B1472FF169E967B00AD7027 /* FLManagedFreelancer.h */ = {isa = PBXFileReference; fileEncoding = 4; lastKnownFileType = sourcecode.c.h; name = FLManagedFreelancer.h; path = Classes/Models/FLManagedFreelancer.h; sourceTree = "<group>"; };
		8B147300169E967B00AD7027 /* FLManagedFreelancer.m */ = {isa = PBXFileReference; fileEncoding = 4; lastKnownFileType = sourcecode.c.objc; name = FLManagedFreelancer.m; path = Classes/Models/FLManagedFreelancer.m; sourceTree = "<group>"; };
		8B147306169EBA6300AD7027 /* FLManagedTask.h */ = {isa = PBXFileReference; fileEncoding = 4; lastKnownFileType = sourcecode.c.h; name = FLManagedTask.h; path = Classes/Models/FLManagedTask.h; sourceTree = "<group>"; };
		8B147307169EBA6300AD7027 /* FLManagedTask.m */ = {isa = PBXFileReference; fileEncoding = 4; lastKnownFileType = sourcecode.c.objc; name = FLManagedTask.m; path = Classes/Models/FLManagedTask.m; sourceTree = "<group>"; };
		8B147309169EBC3B00AD7027 /* FLManagedTag.h */ = {isa = PBXFileReference; fileEncoding = 4; lastKnownFileType = sourcecode.c.h; name = FLManagedTag.h; path = Classes/Models/FLManagedTag.h; sourceTree = "<group>"; };
		8B14730A169EBC3C00AD7027 /* FLManagedTag.m */ = {isa = PBXFileReference; fileEncoding = 4; lastKnownFileType = sourcecode.c.objc; name = FLManagedTag.m; path = Classes/Models/FLManagedTag.m; sourceTree = "<group>"; };
		8B14730C169EBE5300AD7027 /* FLFavouriteDeleteButton.h */ = {isa = PBXFileReference; fileEncoding = 4; lastKnownFileType = sourcecode.c.h; path = FLFavouriteDeleteButton.h; sourceTree = "<group>"; };
		8B14730D169EBE5300AD7027 /* FLFavouriteDeleteButton.m */ = {isa = PBXFileReference; fileEncoding = 4; lastKnownFileType = sourcecode.c.objc; path = FLFavouriteDeleteButton.m; sourceTree = "<group>"; };
		8B14730F169EC01000AD7027 /* FLFavouritesController.h */ = {isa = PBXFileReference; fileEncoding = 4; lastKnownFileType = sourcecode.c.h; name = FLFavouritesController.h; path = Classes/Controllers/FLFavouritesController.h; sourceTree = "<group>"; };
		8B147310169EDA5B00AD7027 /* task.png */ = {isa = PBXFileReference; lastKnownFileType = image.png; path = task.png; sourceTree = "<group>"; };
		8B68D638169E7DE2009FE17A /* FavouriteCell.xib */ = {isa = PBXFileReference; fileEncoding = 4; lastKnownFileType = file.xib; path = FavouriteCell.xib; sourceTree = "<group>"; };
		8B68D63C169E8272009FE17A /* FLFavouritesController.m */ = {isa = PBXFileReference; fileEncoding = 4; lastKnownFileType = sourcecode.c.objc; name = FLFavouritesController.m; path = Classes/Controllers/FLFavouritesController.m; sourceTree = "<group>"; };
		8B9CEE9A169D85C400620749 /* DataStore.xcdatamodel */ = {isa = PBXFileReference; lastKnownFileType = wrapper.xcdatamodel; path = DataStore.xcdatamodel; sourceTree = "<group>"; };
		8B9CEEA2169E688000620749 /* CoreData.framework */ = {isa = PBXFileReference; lastKnownFileType = wrapper.framework; name = CoreData.framework; path = System/Library/Frameworks/CoreData.framework; sourceTree = SDKROOT; };
		8B9CEEB0169E6C6100620749 /* FLValueTransformer.h */ = {isa = PBXFileReference; fileEncoding = 4; lastKnownFileType = sourcecode.c.h; name = FLValueTransformer.h; path = Classes/Utils/FLValueTransformer.h; sourceTree = "<group>"; };
		8B9CEEB1169E6C6100620749 /* FLValueTransformer.m */ = {isa = PBXFileReference; fileEncoding = 4; lastKnownFileType = sourcecode.c.objc; name = FLValueTransformer.m; path = Classes/Utils/FLValueTransformer.m; sourceTree = "<group>"; };
		8BA6342916A0074100BF14F2 /* star_off.png */ = {isa = PBXFileReference; lastKnownFileType = image.png; path = star_off.png; sourceTree = "<group>"; };
		8BA6342A16A0074100BF14F2 /* star_off@2x.png */ = {isa = PBXFileReference; lastKnownFileType = image.png; path = "star_off@2x.png"; sourceTree = "<group>"; };
		8BA6342B16A0074100BF14F2 /* star_on.png */ = {isa = PBXFileReference; lastKnownFileType = image.png; path = star_on.png; sourceTree = "<group>"; };
		8BA6342C16A0074100BF14F2 /* star_on@2x.png */ = {isa = PBXFileReference; lastKnownFileType = image.png; path = "star_on@2x.png"; sourceTree = "<group>"; };
		8BA6343216A00FF400BF14F2 /* FLFirstFavoritesCreator.h */ = {isa = PBXFileReference; fileEncoding = 4; lastKnownFileType = sourcecode.c.h; name = FLFirstFavoritesCreator.h; path = Classes/Utils/FLFirstFavoritesCreator.h; sourceTree = "<group>"; };
		8BA6343316A00FF400BF14F2 /* FLFirstFavoritesCreator.m */ = {isa = PBXFileReference; fileEncoding = 4; lastKnownFileType = sourcecode.c.objc; name = FLFirstFavoritesCreator.m; path = Classes/Utils/FLFirstFavoritesCreator.m; sourceTree = "<group>"; };
		8BA6343516A01B9300BF14F2 /* 0017.png */ = {isa = PBXFileReference; lastKnownFileType = image.png; path = 0017.png; sourceTree = "<group>"; };
		8BA6343616A01B9300BF14F2 /* 0017@2x.png */ = {isa = PBXFileReference; lastKnownFileType = image.png; path = "0017@2x.png"; sourceTree = "<group>"; };
		8BA6343A16A01CF100BF14F2 /* FLAboutController.h */ = {isa = PBXFileReference; fileEncoding = 4; lastKnownFileType = sourcecode.c.h; name = FLAboutController.h; path = Classes/Controllers/About/FLAboutController.h; sourceTree = "<group>"; };
		8BA6343B16A01CF100BF14F2 /* FLAboutController.m */ = {isa = PBXFileReference; fileEncoding = 4; lastKnownFileType = sourcecode.c.objc; name = FLAboutController.m; path = Classes/Controllers/About/FLAboutController.m; sourceTree = "<group>"; };
		A415B447167EE914002FFC83 /* FLTaskController.h */ = {isa = PBXFileReference; fileEncoding = 4; lastKnownFileType = sourcecode.c.h; name = FLTaskController.h; path = Classes/Controllers/Tasks/FLTaskController.h; sourceTree = "<group>"; };
		A415B448167EE914002FFC83 /* FLTaskController.m */ = {isa = PBXFileReference; fileEncoding = 4; lastKnownFileType = sourcecode.c.objc; name = FLTaskController.m; path = Classes/Controllers/Tasks/FLTaskController.m; sourceTree = "<group>"; };
		A429B35D167F3B0C00078D1E /* 0012.png */ = {isa = PBXFileReference; lastKnownFileType = image.png; path = 0012.png; sourceTree = "<group>"; };
		A429B35E167F3B0C00078D1E /* 0012@2x.png */ = {isa = PBXFileReference; lastKnownFileType = image.png; path = "0012@2x.png"; sourceTree = "<group>"; };
		A429B35F167F3B0C00078D1E /* 0053.png */ = {isa = PBXFileReference; lastKnownFileType = image.png; path = 0053.png; sourceTree = "<group>"; };
		A429B360167F3B0C00078D1E /* 0053@2x.png */ = {isa = PBXFileReference; lastKnownFileType = image.png; path = "0053@2x.png"; sourceTree = "<group>"; };
		A429B361167F3B0C00078D1E /* 0220.png */ = {isa = PBXFileReference; lastKnownFileType = image.png; path = 0220.png; sourceTree = "<group>"; };
		A429B362167F3B0C00078D1E /* 0220@2x.png */ = {isa = PBXFileReference; lastKnownFileType = image.png; path = "0220@2x.png"; sourceTree = "<group>"; };
		A46E89B016A0245B00FD0048 /* ISRefresgControlIcon.png */ = {isa = PBXFileReference; lastKnownFileType = image.png; path = ISRefresgControlIcon.png; sourceTree = "<group>"; };
		A46E89B116A0245B00FD0048 /* ISRefresgControlIcon@2x.png */ = {isa = PBXFileReference; lastKnownFileType = image.png; path = "ISRefresgControlIcon@2x.png"; sourceTree = "<group>"; };
		A46E89B216A0245B00FD0048 /* ISGumView.h */ = {isa = PBXFileReference; fileEncoding = 4; lastKnownFileType = sourcecode.c.h; path = ISGumView.h; sourceTree = "<group>"; };
		A46E89B316A0245B00FD0048 /* ISGumView.m */ = {isa = PBXFileReference; fileEncoding = 4; lastKnownFileType = sourcecode.c.objc; path = ISGumView.m; sourceTree = "<group>"; };
		A46E89B416A0245B00FD0048 /* ISRefreshControl.h */ = {isa = PBXFileReference; fileEncoding = 4; lastKnownFileType = sourcecode.c.h; path = ISRefreshControl.h; sourceTree = "<group>"; };
		A46E89B516A0245B00FD0048 /* ISRefreshControl.m */ = {isa = PBXFileReference; fileEncoding = 4; lastKnownFileType = sourcecode.c.objc; path = ISRefreshControl.m; sourceTree = "<group>"; };
		A46E89B616A0245B00FD0048 /* ISUtility.h */ = {isa = PBXFileReference; fileEncoding = 4; lastKnownFileType = sourcecode.c.h; path = ISUtility.h; sourceTree = "<group>"; };
		A46E89B716A0245B00FD0048 /* ISUtility.m */ = {isa = PBXFileReference; fileEncoding = 4; lastKnownFileType = sourcecode.c.objc; path = ISUtility.m; sourceTree = "<group>"; };
		A46E89B816A0245B00FD0048 /* UITableViewController+RefreshControl.h */ = {isa = PBXFileReference; fileEncoding = 4; lastKnownFileType = sourcecode.c.h; path = "UITableViewController+RefreshControl.h"; sourceTree = "<group>"; };
		A46E89B916A0245B00FD0048 /* UITableViewController+RefreshControl.m */ = {isa = PBXFileReference; fileEncoding = 4; lastKnownFileType = sourcecode.c.objc; path = "UITableViewController+RefreshControl.m"; sourceTree = "<group>"; };
		CB0AF9F7B17F4CB7B2ECC008 /* Pods.xcconfig */ = {isa = PBXFileReference; includeInIndex = 1; lastKnownFileType = text.xcconfig; name = Pods.xcconfig; path = Pods/Pods.xcconfig; sourceTree = SOURCE_ROOT; };
/* End PBXFileReference section */

/* Begin PBXFrameworksBuildPhase section */
		6A529ADB167A47AF009A1CCB /* Frameworks */ = {
			isa = PBXFrameworksBuildPhase;
			buildActionMask = 2147483647;
			files = (
				8B9CEEA3169E688000620749 /* CoreData.framework in Frameworks */,
				6AED873A167D9B3B00EBC6CD /* QuartzCore.framework in Frameworks */,
				6AED8737167D9B3500EBC6CD /* CoreImage.framework in Frameworks */,
				6A529AE3167A47AF009A1CCB /* UIKit.framework in Frameworks */,
				6A529AE5167A47AF009A1CCB /* Foundation.framework in Frameworks */,
				6A529AE7167A47AF009A1CCB /* CoreGraphics.framework in Frameworks */,
				6D1A659EDAF44F38BE9E013F /* libPods.a in Frameworks */,
			);
			runOnlyForDeploymentPostprocessing = 0;
		};
		6A529B0C167A47AF009A1CCB /* Frameworks */ = {
			isa = PBXFrameworksBuildPhase;
			buildActionMask = 2147483647;
			files = (
				6A529B12167A47AF009A1CCB /* SenTestingKit.framework in Frameworks */,
				6A529B13167A47AF009A1CCB /* UIKit.framework in Frameworks */,
				6A529B14167A47AF009A1CCB /* Foundation.framework in Frameworks */,
			);
			runOnlyForDeploymentPostprocessing = 0;
		};
/* End PBXFrameworksBuildPhase section */

/* Begin PBXGroup section */
		6A1AE728167DB59B005DE0E5 /* Сlasses */ = {
			isa = PBXGroup;
			children = (
				6AA0AA121697F8DE00FE28E3 /* UI */,
				6A2677801680875600F178E7 /* Utils */,
				6A1AE762167E1F9D005DE0E5 /* Defines */,
				6A1AE750167E131F005DE0E5 /* VIews */,
				6A1AE749167E1298005DE0E5 /* Controllers */,
				6A1AE748167E127E005DE0E5 /* Parser */,
				6A1AE73F167DCE38005DE0E5 /* Client */,
				6A1AE734167DCADB005DE0E5 /* Models */,
			);
			name = "Сlasses";
			sourceTree = "<group>";
		};
		6A1AE734167DCADB005DE0E5 /* Models */ = {
			isa = PBXGroup;
			children = (
				8B147305169E99FE00AD7027 /* Categories */,
				8B9CEE97169D845800620749 /* Data model */,
				6A1AE735167DCB6A005DE0E5 /* FLTask.h */,
				6A1AE736167DCB6A005DE0E5 /* FLTask.m */,
				6A26779C1680A32300F178E7 /* FLCategory.h */,
				6A26779D1680A32300F178E7 /* FLCategory.m */,
				6A8F51591684EDF200AD0CC2 /* FLFreelancer.h */,
				6A8F515A1684EDF200AD0CC2 /* FLFreelancer.m */,
				6A8A970E1686F36100C285BE /* FLContact.h */,
				6A8A970F1686F36100C285BE /* FLContact.m */,
			);
			name = Models;
			sourceTree = "<group>";
		};
		6A1AE73F167DCE38005DE0E5 /* Client */ = {
			isa = PBXGroup;
			children = (
				6A1AE72A167DB5C8005DE0E5 /* FLHTTPClient.h */,
				6A1AE72B167DB5C8005DE0E5 /* FLHTTPClient.m */,
			);
			name = Client;
			sourceTree = "<group>";
		};
		6A1AE748167E127E005DE0E5 /* Parser */ = {
			isa = PBXGroup;
			children = (
				6A1AE742167DD022005DE0E5 /* FLHTMLParser.h */,
				6A1AE743167DD022005DE0E5 /* FLHTMLParser.m */,
			);
			name = Parser;
			sourceTree = "<group>";
		};
		6A1AE749167E1298005DE0E5 /* Controllers */ = {
			isa = PBXGroup;
			children = (
				8BA6343916A01CB000BF14F2 /* About */,
				8B68D63A169E823A009FE17A /* Favourites */,
				6A8A96F116861B6F00C285BE /* Freelancers */,
				6A2677981680A19000F178E7 /* Categories */,
				6A26779016809EF400F178E7 /* Base */,
				A415B446167EE8F8002FFC83 /* Tasks */,
			);
			name = Controllers;
			sourceTree = "<group>";
		};
		6A1AE750167E131F005DE0E5 /* VIews */ = {
			isa = PBXGroup;
			children = (
				6A1AE751167E1335005DE0E5 /* FLTaskCell.xib */,
				6A1AE75A167E18CD005DE0E5 /* LoadingCell.xib */,
				6A1AE75C167E1908005DE0E5 /* FLEmptyCell.xib */,
				6A26779F1680AAE800F178E7 /* CategoryCell.xib */,
				6A8F515D168572F100AD0CC2 /* FLFreelancerCell.xib */,
				8B68D638169E7DE2009FE17A /* FavouriteCell.xib */,
			);
			name = VIews;
			sourceTree = "<group>";
		};
		6A1AE762167E1F9D005DE0E5 /* Defines */ = {
			isa = PBXGroup;
			children = (
				6A1AE745167E11FE005DE0E5 /* FLDefines.h */,
				6A1AE746167E11FF005DE0E5 /* FLDefines.m */,
			);
			name = Defines;
			sourceTree = "<group>";
		};
		6A2677801680875600F178E7 /* Utils */ = {
			isa = PBXGroup;
			children = (
				6A2677821680877800F178E7 /* FLHTMLUtils.h */,
				6A2677831680877800F178E7 /* FLHTMLUtils.m */,
				8B9CEEB0169E6C6100620749 /* FLValueTransformer.h */,
				8B9CEEB1169E6C6100620749 /* FLValueTransformer.m */,
				8BA6343216A00FF400BF14F2 /* FLFirstFavoritesCreator.h */,
				8BA6343316A00FF400BF14F2 /* FLFirstFavoritesCreator.m */,
			);
			name = Utils;
			sourceTree = "<group>";
		};
		6A26778C16809CCB00F178E7 /* TagList */ = {
			isa = PBXGroup;
			children = (
				6A26778D16809CCB00F178E7 /* DWTagList.h */,
				6A26778E16809CCB00F178E7 /* DWTagList.m */,
			);
			name = TagList;
			path = Vendor/TagList;
			sourceTree = "<group>";
		};
		6A26779016809EF400F178E7 /* Base */ = {
			isa = PBXGroup;
			children = (
				6A1AE74A167E12B6005DE0E5 /* FLBaseController.h */,
				6A1AE74B167E12B6005DE0E5 /* FLBaseController.m */,
			);
			name = Base;
			sourceTree = "<group>";
		};
		6A2677981680A19000F178E7 /* Categories */ = {
			isa = PBXGroup;
			children = (
				6A2677991680A1AF00F178E7 /* FLCategoriesController.h */,
				6A26779A1680A1AF00F178E7 /* FLCategoriesController.m */,
			);
			name = Categories;
			sourceTree = "<group>";
		};
		6A529AD3167A47AF009A1CCB = {
			isa = PBXGroup;
			children = (
				6A1F1B7B16A1558100712924 /* Icon@2x.png */,
				6A1F1B7916A1557C00712924 /* Icon.png */,
				6A529AE8167A47AF009A1CCB /* freelansim-client */,
				6A529B17167A47AF009A1CCB /* freelansim-clientTests */,
				6A529AE1167A47AF009A1CCB /* Frameworks */,
				6A529ADF167A47AF009A1CCB /* Products */,
				CB0AF9F7B17F4CB7B2ECC008 /* Pods.xcconfig */,
			);
			sourceTree = "<group>";
		};
		6A529ADF167A47AF009A1CCB /* Products */ = {
			isa = PBXGroup;
			children = (
				6A529ADE167A47AF009A1CCB /* freelansim-client.app */,
				6A529B10167A47AF009A1CCB /* freelansim-clientTests.octest */,
			);
			name = Products;
			sourceTree = "<group>";
		};
		6A529AE1167A47AF009A1CCB /* Frameworks */ = {
			isa = PBXGroup;
			children = (
				8B9CEEA2169E688000620749 /* CoreData.framework */,
				6AED8739167D9B3B00EBC6CD /* QuartzCore.framework */,
				6AED8736167D9B3500EBC6CD /* CoreImage.framework */,
				6A529AE2167A47AF009A1CCB /* UIKit.framework */,
				6A529AE4167A47AF009A1CCB /* Foundation.framework */,
				6A529AE6167A47AF009A1CCB /* CoreGraphics.framework */,
				6A529B11167A47AF009A1CCB /* SenTestingKit.framework */,
				41AF178834E54C6E9830FDCB /* libPods.a */,
			);
			name = Frameworks;
			sourceTree = "<group>";
		};
		6A529AE8167A47AF009A1CCB /* freelansim-client */ = {
			isa = PBXGroup;
			children = (
				A429B35A167F3AD400078D1E /* Resources */,
				6A529B29167A47EC009A1CCB /* Vendor */,
				6A1AE728167DB59B005DE0E5 /* Сlasses */,
				6AED873F167D9F4300EBC6CD /* Application */,
				6A529AE9167A47AF009A1CCB /* Supporting Files */,
			);
			path = "freelansim-client";
			sourceTree = "<group>";
		};
		6A529AE9167A47AF009A1CCB /* Supporting Files */ = {
			isa = PBXGroup;
			children = (
				6A529AEA167A47AF009A1CCB /* freelansim-client-Info.plist */,
				6A529AEB167A47AF009A1CCB /* InfoPlist.strings */,
				6A529AEE167A47AF009A1CCB /* main.m */,
				6A529AF0167A47AF009A1CCB /* freelansim-client-Prefix.pch */,
				6A529AF4167A47AF009A1CCB /* Default.png */,
				6A529AF6167A47AF009A1CCB /* Default@2x.png */,
				6A529AF8167A47AF009A1CCB /* Default-568h@2x.png */,
			);
			name = "Supporting Files";
			sourceTree = "<group>";
		};
		6A529B17167A47AF009A1CCB /* freelansim-clientTests */ = {
			isa = PBXGroup;
			children = (
				6A529B1D167A47AF009A1CCB /* freelansim_clientTests.h */,
				6A529B1E167A47AF009A1CCB /* freelansim_clientTests.m */,
				6A529B18167A47AF009A1CCB /* Supporting Files */,
			);
			path = "freelansim-clientTests";
			sourceTree = "<group>";
		};
		6A529B18167A47AF009A1CCB /* Supporting Files */ = {
			isa = PBXGroup;
			children = (
				6A529B19167A47AF009A1CCB /* freelansim-clientTests-Info.plist */,
				6A529B1A167A47AF009A1CCB /* InfoPlist.strings */,
			);
			name = "Supporting Files";
			sourceTree = "<group>";
		};
		6A529B28167A47B7009A1CCB /* StoryBoard */ = {
			isa = PBXGroup;
			children = (
				6A529AFA167A47AF009A1CCB /* MainStoryboard.storyboard */,
			);
			name = StoryBoard;
			sourceTree = "<group>";
		};
		6A529B29167A47EC009A1CCB /* Vendor */ = {
			isa = PBXGroup;
			children = (
				A46E89AE16A0245B00FD0048 /* ISRefreshControl */,
				6A26778C16809CCB00F178E7 /* TagList */,
			);
			name = Vendor;
			sourceTree = "<group>";
		};
		6A5C5F1816A133760032D7FD /* nav_button */ = {
			isa = PBXGroup;
			children = (
				6A5C5F1916A133760032D7FD /* nav-back-highlighted.png */,
				6A5C5F1A16A133760032D7FD /* nav-back-highlighted@2x.png */,
				6A5C5F1B16A133760032D7FD /* nav-back-mini-highlighted.png */,
				6A5C5F1C16A133760032D7FD /* nav-back-mini-highlighted@2x.png */,
				6A5C5F1D16A133760032D7FD /* nav-back-mini.png */,
				6A5C5F1E16A133760032D7FD /* nav-back-mini@2x.png */,
				6A5C5F1F16A133760032D7FD /* nav-back.png */,
				6A5C5F2016A133760032D7FD /* nav-back@2x.png */,
				6A5C5F2116A133760032D7FD /* nav-background-mini.png */,
				6A5C5F2216A133760032D7FD /* nav-background-mini@2x.png */,
				6A5C5F2316A133760032D7FD /* nav-background.png */,
				6A5C5F2416A133760032D7FD /* nav-background@2x.png */,
				6A5C5F2516A133760032D7FD /* nav-button-highlighted.png */,
				6A5C5F2616A133760032D7FD /* nav-button-highlighted@2x.png */,
				6A5C5F2716A133760032D7FD /* nav-button-mini-highlighted.png */,
				6A5C5F2816A133760032D7FD /* nav-button-mini-highlighted@2x.png */,
				6A5C5F2916A133760032D7FD /* nav-button-mini.png */,
				6A5C5F2A16A133760032D7FD /* nav-button-mini@2x.png */,
				6A5C5F2B16A133760032D7FD /* nav-button.png */,
				6A5C5F2C16A133760032D7FD /* nav-button@2x.png */,
			);
			name = nav_button;
			path = Resources/nav_button;
			sourceTree = "<group>";
		};
		6A8A96F116861B6F00C285BE /* Freelancers */ = {
			isa = PBXGroup;
			children = (
				6A8A96F316861B9C00C285BE /* FLFreelancersController.h */,
				6A8A96F416861B9C00C285BE /* FLFreelancersController.m */,
				6A8A96F616863A7800C285BE /* FLFreelancerController.h */,
				6A8A96F716863A7800C285BE /* FLFreelancerController.m */,
			);
			name = Freelancers;
			sourceTree = "<group>";
		};
		6AA0AA121697F8DE00FE28E3 /* UI */ = {
			isa = PBXGroup;
			children = (
				6AA0AA131697F8DE00FE28E3 /* FLContactButton.h */,
				6AA0AA141697F8DE00FE28E3 /* FLContactButton.m */,
				6AA0AA151697F8DE00FE28E3 /* UIRender.h */,
				6AA0AA161697F8DE00FE28E3 /* UIRender.m */,
				6AA0AA171697F8DE00FE28E3 /* UIStyle.h */,
				6AA0AA181697F8DE00FE28E3 /* UIStyle.m */,
				8B14730C169EBE5300AD7027 /* FLFavouriteDeleteButton.h */,
				8B14730D169EBE5300AD7027 /* FLFavouriteDeleteButton.m */,
				6A1F1B6A16A1489E00712924 /* UIColor+FreelansimAdditions.h */,
				6A1F1B6B16A1489E00712924 /* UIColor+FreelansimAdditions.m */,
			);
			name = UI;
			path = Classes/UI;
			sourceTree = "<group>";
		};
		6AA0AA1D1697FE7D00FE28E3 /* buttons */ = {
			isa = PBXGroup;
			children = (
				6AA0AA1E1697FE7D00FE28E3 /* blackButton.png */,
				6AA0AA1F1697FE7D00FE28E3 /* blackButton@2x.png */,
				6AA0AA201697FE7D00FE28E3 /* blackButtonHighlight.png */,
				6AA0AA211697FE7D00FE28E3 /* blackButtonHighlight@2x.png */,
				6AA0AA221697FE7D00FE28E3 /* blueButton.png */,
				6AA0AA231697FE7D00FE28E3 /* blueButton@2x.png */,
				6AA0AA241697FE7D00FE28E3 /* blueButtonHighlight.png */,
				6AA0AA251697FE7D00FE28E3 /* blueButtonHighlight@2x.png */,
				6AA0AA261697FE7D00FE28E3 /* greenButton.png */,
				6AA0AA271697FE7D00FE28E3 /* greenButton@2x.png */,
				6AA0AA281697FE7D00FE28E3 /* greenButtonHighlight.png */,
				6AA0AA291697FE7D00FE28E3 /* greenButtonHighlight@2x.png */,
				6AA0AA2A1697FE7D00FE28E3 /* greyButton.png */,
				6AA0AA2B1697FE7D00FE28E3 /* greyButton@2x.png */,
				6AA0AA2C1697FE7D00FE28E3 /* greyButton@2xpng */,
				6AA0AA2D1697FE7D00FE28E3 /* greyButtonHighlight.png */,
				6AA0AA2E1697FE7D00FE28E3 /* greyButtonHighlight@2x.png */,
				6AA0AA2F1697FE7D00FE28E3 /* orangeButton.png */,
				6AA0AA301697FE7D00FE28E3 /* orangeButton@2x.png */,
				6AA0AA311697FE7D00FE28E3 /* orangeButtonHighlight.png */,
				6AA0AA321697FE7D00FE28E3 /* orangeButtonHighlight@2x.png */,
				6AA0AA331697FE7D00FE28E3 /* tanButton.png */,
				6AA0AA341697FE7D00FE28E3 /* tanButton@2x.png */,
				6AA0AA351697FE7D00FE28E3 /* tanButtonHighlight.png */,
				6AA0AA361697FE7D00FE28E3 /* tanButtonHighlight@2x.png */,
				6AA0AA371697FE7D00FE28E3 /* whiteButton.png */,
				6AA0AA381697FE7D00FE28E3 /* whiteButton@2x.png */,
				6AA0AA391697FE7D00FE28E3 /* whiteButtonHighlight.png */,
				6AA0AA3A1697FE7D00FE28E3 /* whiteButtonHighlight@2x.png */,
			);
			name = buttons;
			path = Resources/buttons;
			sourceTree = "<group>";
		};
		6AED873F167D9F4300EBC6CD /* Application */ = {
			isa = PBXGroup;
			children = (
				6A529B28167A47B7009A1CCB /* StoryBoard */,
				6A529AF1167A47AF009A1CCB /* KKAppDelegate.h */,
				6A529AF2167A47AF009A1CCB /* KKAppDelegate.m */,
			);
			name = Application;
			sourceTree = "<group>";
		};
		8B147305169E99FE00AD7027 /* Categories */ = {
			isa = PBXGroup;
			children = (
			);
			name = Categories;
			sourceTree = "<group>";
		};
		8B68D63A169E823A009FE17A /* Favourites */ = {
			isa = PBXGroup;
			children = (
				8B14730F169EC01000AD7027 /* FLFavouritesController.h */,
				8B68D63C169E8272009FE17A /* FLFavouritesController.m */,
			);
			name = Favourites;
			sourceTree = "<group>";
		};
		8B9CEE97169D845800620749 /* Data model */ = {
			isa = PBXGroup;
			children = (
				8B9CEE99169D85C400620749 /* DataStore.xcdatamodeld */,
				8B1472FF169E967B00AD7027 /* FLManagedFreelancer.h */,
				8B147300169E967B00AD7027 /* FLManagedFreelancer.m */,
				8B147306169EBA6300AD7027 /* FLManagedTask.h */,
				8B147307169EBA6300AD7027 /* FLManagedTask.m */,
				8B147309169EBC3B00AD7027 /* FLManagedTag.h */,
				8B14730A169EBC3C00AD7027 /* FLManagedTag.m */,
			);
			name = "Data model";
			sourceTree = "<group>";
		};
		8BA6343916A01CB000BF14F2 /* About */ = {
			isa = PBXGroup;
			children = (
				8BA6343A16A01CF100BF14F2 /* FLAboutController.h */,
				8BA6343B16A01CF100BF14F2 /* FLAboutController.m */,
			);
			name = About;
			sourceTree = "<group>";
		};
		A415B446167EE8F8002FFC83 /* Tasks */ = {
			isa = PBXGroup;
			children = (
				6A1AE74D167E12D1005DE0E5 /* FLTasksController.h */,
				6A1AE74E167E12D1005DE0E5 /* FLTasksController.m */,
				A415B447167EE914002FFC83 /* FLTaskController.h */,
				A415B448167EE914002FFC83 /* FLTaskController.m */,
			);
			name = Tasks;
			sourceTree = "<group>";
		};
		A429B35A167F3AD400078D1E /* Resources */ = {
			isa = PBXGroup;
			children = (
				6A1F1B7516A151FB00712924 /* grey@2x.png */,
				6A1F1B7616A151FB00712924 /* grey.png */,
				6A5C5F1816A133760032D7FD /* nav_button */,
				6AA0AA1D1697FE7D00FE28E3 /* buttons */,
				A429B35C167F3B0C00078D1E /* Icons */,
			);
			name = Resources;
			sourceTree = "<group>";
		};
		A429B35C167F3B0C00078D1E /* Icons */ = {
			isa = PBXGroup;
			children = (
				8BA6343516A01B9300BF14F2 /* 0017.png */,
				8BA6343616A01B9300BF14F2 /* 0017@2x.png */,
				8BA6342916A0074100BF14F2 /* star_off.png */,
				8BA6342A16A0074100BF14F2 /* star_off@2x.png */,
				8BA6342B16A0074100BF14F2 /* star_on.png */,
				8BA6342C16A0074100BF14F2 /* star_on@2x.png */,
				8B147310169EDA5B00AD7027 /* task.png */,
				6AA0AA581697FF6800FE28E3 /* 0299.png */,
				6AA0AA591697FF6800FE28E3 /* 0260.png */,
				6AA0AA5A1697FF6800FE28E3 /* 0089.png */,
				6AA0AA5B1697FF6800FE28E3 /* 0011.png */,
				6AA0AA5C1697FF6800FE28E3 /* 0299@2x.png */,
				6AA0AA5D1697FF6800FE28E3 /* 0260@2x.png */,
				6AA0AA5E1697FF6800FE28E3 /* 0089@2x.png */,
				6AA0AA5F1697FF6800FE28E3 /* 0011@2x.png */,
				A429B35D167F3B0C00078D1E /* 0012.png */,
				A429B35E167F3B0C00078D1E /* 0012@2x.png */,
				A429B35F167F3B0C00078D1E /* 0053.png */,
				A429B360167F3B0C00078D1E /* 0053@2x.png */,
				A429B361167F3B0C00078D1E /* 0220.png */,
				A429B362167F3B0C00078D1E /* 0220@2x.png */,
			);
			name = Icons;
			path = Resources/Icons;
			sourceTree = "<group>";
		};
		A46E89AE16A0245B00FD0048 /* ISRefreshControl */ = {
			isa = PBXGroup;
			children = (
				A46E89AF16A0245B00FD0048 /* Images */,
				A46E89B216A0245B00FD0048 /* ISGumView.h */,
				A46E89B316A0245B00FD0048 /* ISGumView.m */,
				A46E89B416A0245B00FD0048 /* ISRefreshControl.h */,
				A46E89B516A0245B00FD0048 /* ISRefreshControl.m */,
				A46E89B616A0245B00FD0048 /* ISUtility.h */,
				A46E89B716A0245B00FD0048 /* ISUtility.m */,
				A46E89B816A0245B00FD0048 /* UITableViewController+RefreshControl.h */,
				A46E89B916A0245B00FD0048 /* UITableViewController+RefreshControl.m */,
			);
			name = ISRefreshControl;
			path = Vendor/ISRefreshControl;
			sourceTree = "<group>";
		};
		A46E89AF16A0245B00FD0048 /* Images */ = {
			isa = PBXGroup;
			children = (
				A46E89B016A0245B00FD0048 /* ISRefresgControlIcon.png */,
				A46E89B116A0245B00FD0048 /* ISRefresgControlIcon@2x.png */,
			);
			path = Images;
			sourceTree = "<group>";
		};
/* End PBXGroup section */

/* Begin PBXNativeTarget section */
		6A529ADD167A47AF009A1CCB /* freelansim-client */ = {
			isa = PBXNativeTarget;
			buildConfigurationList = 6A529B22167A47AF009A1CCB /* Build configuration list for PBXNativeTarget "freelansim-client" */;
			buildPhases = (
				6A529ADA167A47AF009A1CCB /* Sources */,
				6A529ADB167A47AF009A1CCB /* Frameworks */,
				6A529ADC167A47AF009A1CCB /* Resources */,
				C8EC646E1AD54B0492D3FE6E /* Copy Pods Resources */,
			);
			buildRules = (
			);
			dependencies = (
			);
			name = "freelansim-client";
			productName = "freelansim-client";
			productReference = 6A529ADE167A47AF009A1CCB /* freelansim-client.app */;
			productType = "com.apple.product-type.application";
		};
		6A529B0F167A47AF009A1CCB /* freelansim-clientTests */ = {
			isa = PBXNativeTarget;
			buildConfigurationList = 6A529B25167A47AF009A1CCB /* Build configuration list for PBXNativeTarget "freelansim-clientTests" */;
			buildPhases = (
				6A529B0B167A47AF009A1CCB /* Sources */,
				6A529B0C167A47AF009A1CCB /* Frameworks */,
				6A529B0D167A47AF009A1CCB /* Resources */,
				6A529B0E167A47AF009A1CCB /* ShellScript */,
			);
			buildRules = (
			);
			dependencies = (
				6A529B16167A47AF009A1CCB /* PBXTargetDependency */,
			);
			name = "freelansim-clientTests";
			productName = "freelansim-clientTests";
			productReference = 6A529B10167A47AF009A1CCB /* freelansim-clientTests.octest */;
			productType = "com.apple.product-type.bundle";
		};
/* End PBXNativeTarget section */

/* Begin PBXProject section */
		6A529AD5167A47AF009A1CCB /* Project object */ = {
			isa = PBXProject;
			attributes = {
				CLASSPREFIX = KK;
				LastUpgradeCheck = 0450;
				ORGANIZATIONNAME = "Kirill Kunst";
			};
			buildConfigurationList = 6A529AD8167A47AF009A1CCB /* Build configuration list for PBXProject "freelansim-client" */;
			compatibilityVersion = "Xcode 3.2";
			developmentRegion = English;
			hasScannedForEncodings = 0;
			knownRegions = (
				en,
				ru,
			);
			mainGroup = 6A529AD3167A47AF009A1CCB;
			productRefGroup = 6A529ADF167A47AF009A1CCB /* Products */;
			projectDirPath = "";
			projectRoot = "";
			targets = (
				6A529ADD167A47AF009A1CCB /* freelansim-client */,
				6A529B0F167A47AF009A1CCB /* freelansim-clientTests */,
			);
		};
/* End PBXProject section */

/* Begin PBXResourcesBuildPhase section */
		6A529ADC167A47AF009A1CCB /* Resources */ = {
			isa = PBXResourcesBuildPhase;
			buildActionMask = 2147483647;
			files = (
				6A529AED167A47AF009A1CCB /* InfoPlist.strings in Resources */,
				6A529AF5167A47AF009A1CCB /* Default.png in Resources */,
				6A529AF7167A47AF009A1CCB /* Default@2x.png in Resources */,
				6A529AF9167A47AF009A1CCB /* Default-568h@2x.png in Resources */,
				6A529AFC167A47AF009A1CCB /* MainStoryboard.storyboard in Resources */,
				6A1AE752167E1335005DE0E5 /* FLTaskCell.xib in Resources */,
				6A1AE75B167E18CD005DE0E5 /* LoadingCell.xib in Resources */,
				6A1AE75D167E1908005DE0E5 /* FLEmptyCell.xib in Resources */,
				A429B363167F3B0C00078D1E /* 0012.png in Resources */,
				A429B364167F3B0C00078D1E /* 0012@2x.png in Resources */,
				A429B365167F3B0C00078D1E /* 0053.png in Resources */,
				A429B366167F3B0C00078D1E /* 0053@2x.png in Resources */,
				A429B367167F3B0C00078D1E /* 0220.png in Resources */,
				A429B368167F3B0C00078D1E /* 0220@2x.png in Resources */,
				6A2677A01680AAE800F178E7 /* CategoryCell.xib in Resources */,
				6A8F515E168572F100AD0CC2 /* FLFreelancerCell.xib in Resources */,
				6AA0AA3B1697FE7D00FE28E3 /* blackButton.png in Resources */,
				6AA0AA3C1697FE7D00FE28E3 /* blackButton@2x.png in Resources */,
				6AA0AA3D1697FE7D00FE28E3 /* blackButtonHighlight.png in Resources */,
				6AA0AA3E1697FE7D00FE28E3 /* blackButtonHighlight@2x.png in Resources */,
				6AA0AA3F1697FE7D00FE28E3 /* blueButton.png in Resources */,
				6AA0AA401697FE7D00FE28E3 /* blueButton@2x.png in Resources */,
				6AA0AA411697FE7D00FE28E3 /* blueButtonHighlight.png in Resources */,
				6AA0AA421697FE7D00FE28E3 /* blueButtonHighlight@2x.png in Resources */,
				6AA0AA431697FE7D00FE28E3 /* greenButton.png in Resources */,
				6AA0AA441697FE7D00FE28E3 /* greenButton@2x.png in Resources */,
				6AA0AA451697FE7D00FE28E3 /* greenButtonHighlight.png in Resources */,
				6AA0AA461697FE7D00FE28E3 /* greenButtonHighlight@2x.png in Resources */,
				6AA0AA471697FE7D00FE28E3 /* greyButton.png in Resources */,
				6AA0AA481697FE7D00FE28E3 /* greyButton@2x.png in Resources */,
				6AA0AA491697FE7D00FE28E3 /* greyButton@2xpng in Resources */,
				6AA0AA4A1697FE7D00FE28E3 /* greyButtonHighlight.png in Resources */,
				6AA0AA4B1697FE7D00FE28E3 /* greyButtonHighlight@2x.png in Resources */,
				6AA0AA4C1697FE7D00FE28E3 /* orangeButton.png in Resources */,
				6AA0AA4D1697FE7D00FE28E3 /* orangeButton@2x.png in Resources */,
				6AA0AA4E1697FE7D00FE28E3 /* orangeButtonHighlight.png in Resources */,
				6AA0AA4F1697FE7D00FE28E3 /* orangeButtonHighlight@2x.png in Resources */,
				6AA0AA501697FE7D00FE28E3 /* tanButton.png in Resources */,
				6AA0AA511697FE7D00FE28E3 /* tanButton@2x.png in Resources */,
				6AA0AA521697FE7D00FE28E3 /* tanButtonHighlight.png in Resources */,
				6AA0AA531697FE7D00FE28E3 /* tanButtonHighlight@2x.png in Resources */,
				6AA0AA541697FE7D00FE28E3 /* whiteButton.png in Resources */,
				6AA0AA551697FE7D00FE28E3 /* whiteButton@2x.png in Resources */,
				6AA0AA561697FE7D00FE28E3 /* whiteButtonHighlight.png in Resources */,
				6AA0AA571697FE7D00FE28E3 /* whiteButtonHighlight@2x.png in Resources */,
				6AA0AA601697FF6800FE28E3 /* 0299.png in Resources */,
				6AA0AA611697FF6800FE28E3 /* 0260.png in Resources */,
				6AA0AA621697FF6800FE28E3 /* 0089.png in Resources */,
				6AA0AA631697FF6800FE28E3 /* 0011.png in Resources */,
				6AA0AA641697FF6800FE28E3 /* 0299@2x.png in Resources */,
				6AA0AA651697FF6800FE28E3 /* 0260@2x.png in Resources */,
				6AA0AA661697FF6800FE28E3 /* 0089@2x.png in Resources */,
				6AA0AA671697FF6800FE28E3 /* 0011@2x.png in Resources */,
				8B68D639169E7DE2009FE17A /* FavouriteCell.xib in Resources */,
				8B147311169EDA5B00AD7027 /* task.png in Resources */,
				8BA6342D16A0074100BF14F2 /* star_off.png in Resources */,
				8BA6342E16A0074100BF14F2 /* star_off@2x.png in Resources */,
				8BA6342F16A0074100BF14F2 /* star_on.png in Resources */,
				8BA6343016A0074100BF14F2 /* star_on@2x.png in Resources */,
				A46E89BA16A0245B00FD0048 /* ISRefresgControlIcon.png in Resources */,
				A46E89BB16A0245B00FD0048 /* ISRefresgControlIcon@2x.png in Resources */,
				8BA6343716A01B9300BF14F2 /* 0017.png in Resources */,
				8BA6343816A01B9300BF14F2 /* 0017@2x.png in Resources */,
				6A5C5F2D16A133760032D7FD /* nav-back-highlighted.png in Resources */,
				6A5C5F2E16A133760032D7FD /* nav-back-highlighted@2x.png in Resources */,
				6A5C5F2F16A133760032D7FD /* nav-back-mini-highlighted.png in Resources */,
				6A5C5F3016A133760032D7FD /* nav-back-mini-highlighted@2x.png in Resources */,
				6A5C5F3116A133760032D7FD /* nav-back-mini.png in Resources */,
				6A5C5F3216A133760032D7FD /* nav-back-mini@2x.png in Resources */,
				6A5C5F3316A133760032D7FD /* nav-back.png in Resources */,
				6A5C5F3416A133760032D7FD /* nav-back@2x.png in Resources */,
				6A5C5F3516A133760032D7FD /* nav-background-mini.png in Resources */,
				6A5C5F3616A133760032D7FD /* nav-background-mini@2x.png in Resources */,
				6A5C5F3716A133760032D7FD /* nav-background.png in Resources */,
				6A5C5F3816A133760032D7FD /* nav-background@2x.png in Resources */,
				6A5C5F3916A133760032D7FD /* nav-button-highlighted.png in Resources */,
				6A5C5F3A16A133760032D7FD /* nav-button-highlighted@2x.png in Resources */,
				6A5C5F3B16A133760032D7FD /* nav-button-mini-highlighted.png in Resources */,
				6A5C5F3C16A133760032D7FD /* nav-button-mini-highlighted@2x.png in Resources */,
				6A5C5F3D16A133760032D7FD /* nav-button-mini.png in Resources */,
				6A5C5F3E16A133760032D7FD /* nav-button-mini@2x.png in Resources */,
				6A5C5F3F16A133760032D7FD /* nav-button.png in Resources */,
				6A5C5F4016A133760032D7FD /* nav-button@2x.png in Resources */,
				6A1F1B7716A151FB00712924 /* grey@2x.png in Resources */,
				6A1F1B7816A151FB00712924 /* grey.png in Resources */,
				6A1F1B7A16A1557C00712924 /* Icon.png in Resources */,
				6A1F1B7C16A1558100712924 /* Icon@2x.png in Resources */,
			);
			runOnlyForDeploymentPostprocessing = 0;
		};
		6A529B0D167A47AF009A1CCB /* Resources */ = {
			isa = PBXResourcesBuildPhase;
			buildActionMask = 2147483647;
			files = (
				6A529B1C167A47AF009A1CCB /* InfoPlist.strings in Resources */,
			);
			runOnlyForDeploymentPostprocessing = 0;
		};
/* End PBXResourcesBuildPhase section */

/* Begin PBXShellScriptBuildPhase section */
		6A529B0E167A47AF009A1CCB /* ShellScript */ = {
			isa = PBXShellScriptBuildPhase;
			buildActionMask = 2147483647;
			files = (
			);
			inputPaths = (
			);
			outputPaths = (
			);
			runOnlyForDeploymentPostprocessing = 0;
			shellPath = /bin/sh;
			shellScript = "# Run the unit tests in this test bundle.\n\"${SYSTEM_DEVELOPER_DIR}/Tools/RunUnitTests\"\n";
		};
		C8EC646E1AD54B0492D3FE6E /* Copy Pods Resources */ = {
			isa = PBXShellScriptBuildPhase;
			buildActionMask = 2147483647;
			files = (
			);
			inputPaths = (
			);
			name = "Copy Pods Resources";
			outputPaths = (
			);
			runOnlyForDeploymentPostprocessing = 0;
			shellPath = /bin/sh;
			shellScript = "\"${SRCROOT}/Pods/Pods-resources.sh\"\n";
		};
/* End PBXShellScriptBuildPhase section */

/* Begin PBXSourcesBuildPhase section */
		6A529ADA167A47AF009A1CCB /* Sources */ = {
			isa = PBXSourcesBuildPhase;
			buildActionMask = 2147483647;
			files = (
				6A529AEF167A47AF009A1CCB /* main.m in Sources */,
				6A529AF3167A47AF009A1CCB /* KKAppDelegate.m in Sources */,
				6A1AE72C167DB5C8005DE0E5 /* FLHTTPClient.m in Sources */,
				6A1AE737167DCB6A005DE0E5 /* FLTask.m in Sources */,
				6A1AE744167DD022005DE0E5 /* FLHTMLParser.m in Sources */,
				6A1AE747167E11FF005DE0E5 /* FLDefines.m in Sources */,
				6A1AE74C167E12B6005DE0E5 /* FLBaseController.m in Sources */,
				6A1AE74F167E12D1005DE0E5 /* FLTasksController.m in Sources */,
				A415B449167EE914002FFC83 /* FLTaskController.m in Sources */,
				6A2677841680877800F178E7 /* FLHTMLUtils.m in Sources */,
				6A26778F16809CCB00F178E7 /* DWTagList.m in Sources */,
				6A26779B1680A1AF00F178E7 /* FLCategoriesController.m in Sources */,
				6A26779E1680A32300F178E7 /* FLCategory.m in Sources */,
				6A8F515B1684EDF200AD0CC2 /* FLFreelancer.m in Sources */,
				6A8A96F516861B9C00C285BE /* FLFreelancersController.m in Sources */,
				6A8A96F816863A7900C285BE /* FLFreelancerController.m in Sources */,
				6A8A97101686F36100C285BE /* FLContact.m in Sources */,
				6AA0AA191697F8DE00FE28E3 /* FLContactButton.m in Sources */,
				6AA0AA1A1697F8DE00FE28E3 /* UIRender.m in Sources */,
				6AA0AA1B1697F8DE00FE28E3 /* UIStyle.m in Sources */,
				8B9CEE9B169D85C400620749 /* DataStore.xcdatamodeld in Sources */,
				8B9CEEB2169E6C6100620749 /* FLValueTransformer.m in Sources */,
				8B68D63D169E8272009FE17A /* FLFavouritesController.m in Sources */,
				8B147301169E967B00AD7027 /* FLManagedFreelancer.m in Sources */,
				8B147308169EBA6300AD7027 /* FLManagedTask.m in Sources */,
				8B14730B169EBC3C00AD7027 /* FLManagedTag.m in Sources */,
				8B14730E169EBE5300AD7027 /* FLFavouriteDeleteButton.m in Sources */,
				A46E89BC16A0245B00FD0048 /* ISGumView.m in Sources */,
				A46E89BD16A0245B00FD0048 /* ISRefreshControl.m in Sources */,
				A46E89BE16A0245B00FD0048 /* ISUtility.m in Sources */,
				A46E89BF16A0245B00FD0048 /* UITableViewController+RefreshControl.m in Sources */,
				8BA6343416A00FF400BF14F2 /* FLFirstFavoritesCreator.m in Sources */,
				8BA6343C16A01CF100BF14F2 /* FLAboutController.m in Sources */,
				6A1F1B6C16A1489E00712924 /* UIColor+FreelansimAdditions.m in Sources */,
			);
			runOnlyForDeploymentPostprocessing = 0;
		};
		6A529B0B167A47AF009A1CCB /* Sources */ = {
			isa = PBXSourcesBuildPhase;
			buildActionMask = 2147483647;
			files = (
				6A529B1F167A47AF009A1CCB /* freelansim_clientTests.m in Sources */,
			);
			runOnlyForDeploymentPostprocessing = 0;
		};
/* End PBXSourcesBuildPhase section */

/* Begin PBXTargetDependency section */
		6A529B16167A47AF009A1CCB /* PBXTargetDependency */ = {
			isa = PBXTargetDependency;
			target = 6A529ADD167A47AF009A1CCB /* freelansim-client */;
			targetProxy = 6A529B15167A47AF009A1CCB /* PBXContainerItemProxy */;
		};
/* End PBXTargetDependency section */

/* Begin PBXVariantGroup section */
		6A529AEB167A47AF009A1CCB /* InfoPlist.strings */ = {
			isa = PBXVariantGroup;
			children = (
				6A529AEC167A47AF009A1CCB /* en */,
				6A8F515F1685762C00AD0CC2 /* ru */,
			);
			name = InfoPlist.strings;
			sourceTree = "<group>";
		};
		6A529AFA167A47AF009A1CCB /* MainStoryboard.storyboard */ = {
			isa = PBXVariantGroup;
			children = (
				6A529AFB167A47AF009A1CCB /* en */,
			);
			name = MainStoryboard.storyboard;
			sourceTree = "<group>";
		};
		6A529B1A167A47AF009A1CCB /* InfoPlist.strings */ = {
			isa = PBXVariantGroup;
			children = (
				6A529B1B167A47AF009A1CCB /* en */,
				6A8F51601685762C00AD0CC2 /* ru */,
			);
			name = InfoPlist.strings;
			sourceTree = "<group>";
		};
/* End PBXVariantGroup section */

/* Begin XCBuildConfiguration section */
		6A529B20167A47AF009A1CCB /* Debug */ = {
			isa = XCBuildConfiguration;
			buildSettings = {
				ALWAYS_SEARCH_USER_PATHS = NO;
				CLANG_CXX_LANGUAGE_STANDARD = "gnu++0x";
				CLANG_CXX_LIBRARY = "libc++";
				CLANG_ENABLE_OBJC_ARC = YES;
				CLANG_WARN_EMPTY_BODY = YES;
				CLANG_WARN__DUPLICATE_METHOD_MATCH = YES;
				"CODE_SIGN_IDENTITY[sdk=iphoneos*]" = "iPhone Developer";
				COPY_PHASE_STRIP = NO;
				GCC_C_LANGUAGE_STANDARD = gnu99;
				GCC_DYNAMIC_NO_PIC = NO;
				GCC_OPTIMIZATION_LEVEL = 0;
				GCC_PREPROCESSOR_DEFINITIONS = (
					"DEBUG=1",
					"$(inherited)",
				);
				GCC_SYMBOLS_PRIVATE_EXTERN = NO;
				GCC_WARN_ABOUT_RETURN_TYPE = YES;
				GCC_WARN_UNINITIALIZED_AUTOS = YES;
				GCC_WARN_UNUSED_VARIABLE = YES;
				IPHONEOS_DEPLOYMENT_TARGET = 5.0;
				ONLY_ACTIVE_ARCH = YES;
				SDKROOT = iphoneos;
			};
			name = Debug;
		};
		6A529B21167A47AF009A1CCB /* Release */ = {
			isa = XCBuildConfiguration;
			buildSettings = {
				ALWAYS_SEARCH_USER_PATHS = NO;
				CLANG_CXX_LANGUAGE_STANDARD = "gnu++0x";
				CLANG_CXX_LIBRARY = "libc++";
				CLANG_ENABLE_OBJC_ARC = YES;
				CLANG_WARN_EMPTY_BODY = YES;
				CLANG_WARN__DUPLICATE_METHOD_MATCH = YES;
				"CODE_SIGN_IDENTITY[sdk=iphoneos*]" = "iPhone Developer";
				COPY_PHASE_STRIP = YES;
				GCC_C_LANGUAGE_STANDARD = gnu99;
				GCC_WARN_ABOUT_RETURN_TYPE = YES;
				GCC_WARN_UNINITIALIZED_AUTOS = YES;
				GCC_WARN_UNUSED_VARIABLE = YES;
				IPHONEOS_DEPLOYMENT_TARGET = 5.0;
				OTHER_CFLAGS = "-DNS_BLOCK_ASSERTIONS=1";
				SDKROOT = iphoneos;
				VALIDATE_PRODUCT = YES;
			};
			name = Release;
		};
		6A529B23167A47AF009A1CCB /* Debug */ = {
			isa = XCBuildConfiguration;
			baseConfigurationReference = CB0AF9F7B17F4CB7B2ECC008 /* Pods.xcconfig */;
			buildSettings = {
				CODE_SIGN_IDENTITY = "iPhone Developer: Кирилл Кунст (7J3RNQ6456)";
				"CODE_SIGN_IDENTITY[sdk=iphoneos*]" = "iPhone Developer: Кирилл Кунст (7J3RNQ6456)";
				GCC_PRECOMPILE_PREFIX_HEADER = YES;
				GCC_PREFIX_HEADER = "freelansim-client/freelansim-client-Prefix.pch";
				INFOPLIST_FILE = "freelansim-client/freelansim-client-Info.plist";
				IPHONEOS_DEPLOYMENT_TARGET = 5.0;
				PRODUCT_NAME = "$(TARGET_NAME)";
				PROVISIONING_PROFILE = "1DDA8214-3AD1-43BB-887D-EC9A901F01D2";
				"PROVISIONING_PROFILE[sdk=iphoneos*]" = "1DDA8214-3AD1-43BB-887D-EC9A901F01D2";
				WRAPPER_EXTENSION = app;
			};
			name = Debug;
		};
		6A529B24167A47AF009A1CCB /* Release */ = {
			isa = XCBuildConfiguration;
			baseConfigurationReference = CB0AF9F7B17F4CB7B2ECC008 /* Pods.xcconfig */;
			buildSettings = {
				GCC_PRECOMPILE_PREFIX_HEADER = YES;
				GCC_PREFIX_HEADER = "freelansim-client/freelansim-client-Prefix.pch";
				INFOPLIST_FILE = "freelansim-client/freelansim-client-Info.plist";
				IPHONEOS_DEPLOYMENT_TARGET = 5.0;
				PRODUCT_NAME = "$(TARGET_NAME)";
				WRAPPER_EXTENSION = app;
			};
			name = Release;
		};
		6A529B26167A47AF009A1CCB /* Debug */ = {
			isa = XCBuildConfiguration;
			buildSettings = {
				BUNDLE_LOADER = "$(BUILT_PRODUCTS_DIR)/freelansim-client.app/freelansim-client";
				FRAMEWORK_SEARCH_PATHS = (
					"\"$(SDKROOT)/Developer/Library/Frameworks\"",
					"\"$(DEVELOPER_LIBRARY_DIR)/Frameworks\"",
				);
				GCC_PRECOMPILE_PREFIX_HEADER = YES;
				GCC_PREFIX_HEADER = "freelansim-client/freelansim-client-Prefix.pch";
				INFOPLIST_FILE = "freelansim-clientTests/freelansim-clientTests-Info.plist";
				PRODUCT_NAME = "$(TARGET_NAME)";
				TEST_HOST = "$(BUNDLE_LOADER)";
				WRAPPER_EXTENSION = octest;
			};
			name = Debug;
		};
		6A529B27167A47AF009A1CCB /* Release */ = {
			isa = XCBuildConfiguration;
			buildSettings = {
				BUNDLE_LOADER = "$(BUILT_PRODUCTS_DIR)/freelansim-client.app/freelansim-client";
				FRAMEWORK_SEARCH_PATHS = (
					"\"$(SDKROOT)/Developer/Library/Frameworks\"",
					"\"$(DEVELOPER_LIBRARY_DIR)/Frameworks\"",
				);
				GCC_PRECOMPILE_PREFIX_HEADER = YES;
				GCC_PREFIX_HEADER = "freelansim-client/freelansim-client-Prefix.pch";
				INFOPLIST_FILE = "freelansim-clientTests/freelansim-clientTests-Info.plist";
				PRODUCT_NAME = "$(TARGET_NAME)";
				TEST_HOST = "$(BUNDLE_LOADER)";
				WRAPPER_EXTENSION = octest;
			};
			name = Release;
		};
/* End XCBuildConfiguration section */

/* Begin XCConfigurationList section */
		6A529AD8167A47AF009A1CCB /* Build configuration list for PBXProject "freelansim-client" */ = {
			isa = XCConfigurationList;
			buildConfigurations = (
				6A529B20167A47AF009A1CCB /* Debug */,
				6A529B21167A47AF009A1CCB /* Release */,
			);
			defaultConfigurationIsVisible = 0;
			defaultConfigurationName = Release;
		};
		6A529B22167A47AF009A1CCB /* Build configuration list for PBXNativeTarget "freelansim-client" */ = {
			isa = XCConfigurationList;
			buildConfigurations = (
				6A529B23167A47AF009A1CCB /* Debug */,
				6A529B24167A47AF009A1CCB /* Release */,
			);
			defaultConfigurationIsVisible = 0;
			defaultConfigurationName = Release;
		};
		6A529B25167A47AF009A1CCB /* Build configuration list for PBXNativeTarget "freelansim-clientTests" */ = {
			isa = XCConfigurationList;
			buildConfigurations = (
				6A529B26167A47AF009A1CCB /* Debug */,
				6A529B27167A47AF009A1CCB /* Release */,
			);
			defaultConfigurationIsVisible = 0;
			defaultConfigurationName = Release;
		};
/* End XCConfigurationList section */

/* Begin XCVersionGroup section */
		8B9CEE99169D85C400620749 /* DataStore.xcdatamodeld */ = {
			isa = XCVersionGroup;
			children = (
				8B9CEE9A169D85C400620749 /* DataStore.xcdatamodel */,
			);
			currentVersion = 8B9CEE9A169D85C400620749 /* DataStore.xcdatamodel */;
			path = DataStore.xcdatamodeld;
			sourceTree = "<group>";
			versionGroupType = wrapper.xcdatamodel;
		};
/* End XCVersionGroup section */
	};
	rootObject = 6A529AD5167A47AF009A1CCB /* Project object */;
}
